
Microsoft Visual Studio Solution File, Format Version 12.00
# Visual Studio 14
VisualStudioVersion = 14.0.25420.1
MinimumVisualStudioVersion = 10.0.40219.1
Project("{D954291E-2A0B-460D-934E-DC6B0785DB48}") = "SmartHome", "Clients\SmartHouse\SmartHome.shproj", "{20213F5F-7F2E-42AC-8634-71CE12A234C3}"
EndProject
Project("{FAE04EC0-301F-11D3-BF4B-00C04F79EFBC}") = "SmartHome.Droid", "Clients\SmartHouse.Droid\SmartHome.Droid.csproj", "{41E8E38D-BAD5-4156-A650-B4A485278C9D}"
EndProject
Project("{FAE04EC0-301F-11D3-BF4B-00C04F79EFBC}") = "SmartHome.iOS", "Clients\SmartHouse.iOS\SmartHome.iOS.csproj", "{E2D48E7D-FBE7-4ECF-A9CE-09DAE3B8766B}"
EndProject
Project("{FAE04EC0-301F-11D3-BF4B-00C04F79EFBC}") = "SmartHome.UWP", "Clients\SmartHouse.UWP\SmartHome.UWP.csproj", "{C7797545-AF01-43B9-997D-E05A9514FE94}"
EndProject
Project("{FAE04EC0-301F-11D3-BF4B-00C04F79EFBC}") = "SmartHome.HoloLens", "Scanner\SmartHome.HoloLens.csproj", "{927CECF1-C123-40D3-B17C-51FEC3CFB5CF}"
EndProject
Project("{2150E333-8FDC-42A3-9474-1A3956D46DE8}") = "Clients", "Clients", "{39ADD77B-430A-4851-87FA-6E3ED5A8673F}"
EndProject
Project("{2150E333-8FDC-42A3-9474-1A3956D46DE8}") = "Scanner", "Scanner", "{2E39972A-3765-43BB-B905-C6B1B5B0F2A5}"
EndProject
Project("{FAE04EC0-301F-11D3-BF4B-00C04F79EFBC}") = "Shared", "Shared\Shared.csproj", "{F55ADE4B-08FE-4AEA-B08A-3A793D149C42}"
EndProject
Global
	GlobalSection(SharedMSBuildProjectFiles) = preSolution
		Clients\SmartHouse\SmartHouse.projitems*{20213f5f-7f2e-42ac-8634-71ce12a234c3}*SharedItemsImports = 13
		Clients\SmartHouse\SmartHouse.projitems*{41e8e38d-bad5-4156-a650-b4a485278c9d}*SharedItemsImports = 4
		Clients\SmartHouse\SmartHouse.projitems*{c7797545-af01-43b9-997d-e05a9514fe94}*SharedItemsImports = 4
		Clients\SmartHouse\SmartHouse.projitems*{e2d48e7d-fbe7-4ecf-a9ce-09dae3b8766b}*SharedItemsImports = 4
	EndGlobalSection
	GlobalSection(SolutionConfigurationPlatforms) = preSolution
		Ad-Hoc|Any CPU = Ad-Hoc|Any CPU
		Ad-Hoc|ARM = Ad-Hoc|ARM
		Ad-Hoc|iPhone = Ad-Hoc|iPhone
		Ad-Hoc|iPhoneSimulator = Ad-Hoc|iPhoneSimulator
		Ad-Hoc|x64 = Ad-Hoc|x64
		Ad-Hoc|x86 = Ad-Hoc|x86
		AppStore|Any CPU = AppStore|Any CPU
		AppStore|ARM = AppStore|ARM
		AppStore|iPhone = AppStore|iPhone
		AppStore|iPhoneSimulator = AppStore|iPhoneSimulator
		AppStore|x64 = AppStore|x64
		AppStore|x86 = AppStore|x86
		Debug|Any CPU = Debug|Any CPU
		Debug|ARM = Debug|ARM
		Debug|iPhone = Debug|iPhone
		Debug|iPhoneSimulator = Debug|iPhoneSimulator
		Debug|x64 = Debug|x64
		Debug|x86 = Debug|x86
		Release|Any CPU = Release|Any CPU
		Release|ARM = Release|ARM
		Release|iPhone = Release|iPhone
		Release|iPhoneSimulator = Release|iPhoneSimulator
		Release|x64 = Release|x64
		Release|x86 = Release|x86
	EndGlobalSection
	GlobalSection(ProjectConfigurationPlatforms) = postSolution
		{41E8E38D-BAD5-4156-A650-B4A485278C9D}.Ad-Hoc|Any CPU.ActiveCfg = Release|Any CPU
		{41E8E38D-BAD5-4156-A650-B4A485278C9D}.Ad-Hoc|Any CPU.Build.0 = Release|Any CPU
		{41E8E38D-BAD5-4156-A650-B4A485278C9D}.Ad-Hoc|Any CPU.Deploy.0 = Release|Any CPU
		{41E8E38D-BAD5-4156-A650-B4A485278C9D}.Ad-Hoc|ARM.ActiveCfg = Release|Any CPU
		{41E8E38D-BAD5-4156-A650-B4A485278C9D}.Ad-Hoc|ARM.Build.0 = Release|Any CPU
		{41E8E38D-BAD5-4156-A650-B4A485278C9D}.Ad-Hoc|ARM.Deploy.0 = Release|Any CPU
		{41E8E38D-BAD5-4156-A650-B4A485278C9D}.Ad-Hoc|iPhone.ActiveCfg = Release|Any CPU
		{41E8E38D-BAD5-4156-A650-B4A485278C9D}.Ad-Hoc|iPhone.Build.0 = Release|Any CPU
		{41E8E38D-BAD5-4156-A650-B4A485278C9D}.Ad-Hoc|iPhone.Deploy.0 = Release|Any CPU
		{41E8E38D-BAD5-4156-A650-B4A485278C9D}.Ad-Hoc|iPhoneSimulator.ActiveCfg = Release|Any CPU
		{41E8E38D-BAD5-4156-A650-B4A485278C9D}.Ad-Hoc|iPhoneSimulator.Build.0 = Release|Any CPU
		{41E8E38D-BAD5-4156-A650-B4A485278C9D}.Ad-Hoc|iPhoneSimulator.Deploy.0 = Release|Any CPU
		{41E8E38D-BAD5-4156-A650-B4A485278C9D}.Ad-Hoc|x64.ActiveCfg = Release|Any CPU
		{41E8E38D-BAD5-4156-A650-B4A485278C9D}.Ad-Hoc|x64.Build.0 = Release|Any CPU
		{41E8E38D-BAD5-4156-A650-B4A485278C9D}.Ad-Hoc|x64.Deploy.0 = Release|Any CPU
		{41E8E38D-BAD5-4156-A650-B4A485278C9D}.Ad-Hoc|x86.ActiveCfg = Release|Any CPU
		{41E8E38D-BAD5-4156-A650-B4A485278C9D}.Ad-Hoc|x86.Build.0 = Release|Any CPU
		{41E8E38D-BAD5-4156-A650-B4A485278C9D}.Ad-Hoc|x86.Deploy.0 = Release|Any CPU
		{41E8E38D-BAD5-4156-A650-B4A485278C9D}.AppStore|Any CPU.ActiveCfg = Release|Any CPU
		{41E8E38D-BAD5-4156-A650-B4A485278C9D}.AppStore|Any CPU.Build.0 = Release|Any CPU
		{41E8E38D-BAD5-4156-A650-B4A485278C9D}.AppStore|Any CPU.Deploy.0 = Release|Any CPU
		{41E8E38D-BAD5-4156-A650-B4A485278C9D}.AppStore|ARM.ActiveCfg = Release|Any CPU
		{41E8E38D-BAD5-4156-A650-B4A485278C9D}.AppStore|ARM.Build.0 = Release|Any CPU
		{41E8E38D-BAD5-4156-A650-B4A485278C9D}.AppStore|ARM.Deploy.0 = Release|Any CPU
		{41E8E38D-BAD5-4156-A650-B4A485278C9D}.AppStore|iPhone.ActiveCfg = Release|Any CPU
		{41E8E38D-BAD5-4156-A650-B4A485278C9D}.AppStore|iPhone.Build.0 = Release|Any CPU
		{41E8E38D-BAD5-4156-A650-B4A485278C9D}.AppStore|iPhone.Deploy.0 = Release|Any CPU
		{41E8E38D-BAD5-4156-A650-B4A485278C9D}.AppStore|iPhoneSimulator.ActiveCfg = Release|Any CPU
		{41E8E38D-BAD5-4156-A650-B4A485278C9D}.AppStore|iPhoneSimulator.Build.0 = Release|Any CPU
		{41E8E38D-BAD5-4156-A650-B4A485278C9D}.AppStore|iPhoneSimulator.Deploy.0 = Release|Any CPU
		{41E8E38D-BAD5-4156-A650-B4A485278C9D}.AppStore|x64.ActiveCfg = Release|Any CPU
		{41E8E38D-BAD5-4156-A650-B4A485278C9D}.AppStore|x64.Build.0 = Release|Any CPU
		{41E8E38D-BAD5-4156-A650-B4A485278C9D}.AppStore|x64.Deploy.0 = Release|Any CPU
		{41E8E38D-BAD5-4156-A650-B4A485278C9D}.AppStore|x86.ActiveCfg = Release|Any CPU
		{41E8E38D-BAD5-4156-A650-B4A485278C9D}.AppStore|x86.Build.0 = Release|Any CPU
		{41E8E38D-BAD5-4156-A650-B4A485278C9D}.AppStore|x86.Deploy.0 = Release|Any CPU
		{41E8E38D-BAD5-4156-A650-B4A485278C9D}.Debug|Any CPU.ActiveCfg = Debug|Any CPU
		{41E8E38D-BAD5-4156-A650-B4A485278C9D}.Debug|Any CPU.Build.0 = Debug|Any CPU
		{41E8E38D-BAD5-4156-A650-B4A485278C9D}.Debug|Any CPU.Deploy.0 = Debug|Any CPU
		{41E8E38D-BAD5-4156-A650-B4A485278C9D}.Debug|ARM.ActiveCfg = Debug|Any CPU
		{41E8E38D-BAD5-4156-A650-B4A485278C9D}.Debug|ARM.Build.0 = Debug|Any CPU
		{41E8E38D-BAD5-4156-A650-B4A485278C9D}.Debug|ARM.Deploy.0 = Debug|Any CPU
		{41E8E38D-BAD5-4156-A650-B4A485278C9D}.Debug|iPhone.ActiveCfg = Debug|Any CPU
		{41E8E38D-BAD5-4156-A650-B4A485278C9D}.Debug|iPhone.Build.0 = Debug|Any CPU
		{41E8E38D-BAD5-4156-A650-B4A485278C9D}.Debug|iPhone.Deploy.0 = Debug|Any CPU
		{41E8E38D-BAD5-4156-A650-B4A485278C9D}.Debug|iPhoneSimulator.ActiveCfg = Debug|Any CPU
		{41E8E38D-BAD5-4156-A650-B4A485278C9D}.Debug|iPhoneSimulator.Build.0 = Debug|Any CPU
		{41E8E38D-BAD5-4156-A650-B4A485278C9D}.Debug|iPhoneSimulator.Deploy.0 = Debug|Any CPU
		{41E8E38D-BAD5-4156-A650-B4A485278C9D}.Debug|x64.ActiveCfg = Debug|Any CPU
		{41E8E38D-BAD5-4156-A650-B4A485278C9D}.Debug|x64.Build.0 = Debug|Any CPU
		{41E8E38D-BAD5-4156-A650-B4A485278C9D}.Debug|x64.Deploy.0 = Debug|Any CPU
		{41E8E38D-BAD5-4156-A650-B4A485278C9D}.Debug|x86.ActiveCfg = Debug|Any CPU
		{41E8E38D-BAD5-4156-A650-B4A485278C9D}.Debug|x86.Build.0 = Debug|Any CPU
		{41E8E38D-BAD5-4156-A650-B4A485278C9D}.Debug|x86.Deploy.0 = Debug|Any CPU
		{41E8E38D-BAD5-4156-A650-B4A485278C9D}.Release|Any CPU.ActiveCfg = Release|Any CPU
		{41E8E38D-BAD5-4156-A650-B4A485278C9D}.Release|Any CPU.Build.0 = Release|Any CPU
		{41E8E38D-BAD5-4156-A650-B4A485278C9D}.Release|Any CPU.Deploy.0 = Release|Any CPU
		{41E8E38D-BAD5-4156-A650-B4A485278C9D}.Release|ARM.ActiveCfg = Release|Any CPU
		{41E8E38D-BAD5-4156-A650-B4A485278C9D}.Release|ARM.Build.0 = Release|Any CPU
		{41E8E38D-BAD5-4156-A650-B4A485278C9D}.Release|ARM.Deploy.0 = Release|Any CPU
		{41E8E38D-BAD5-4156-A650-B4A485278C9D}.Release|iPhone.ActiveCfg = Release|Any CPU
		{41E8E38D-BAD5-4156-A650-B4A485278C9D}.Release|iPhone.Build.0 = Release|Any CPU
		{41E8E38D-BAD5-4156-A650-B4A485278C9D}.Release|iPhone.Deploy.0 = Release|Any CPU
		{41E8E38D-BAD5-4156-A650-B4A485278C9D}.Release|iPhoneSimulator.ActiveCfg = Release|Any CPU
		{41E8E38D-BAD5-4156-A650-B4A485278C9D}.Release|iPhoneSimulator.Build.0 = Release|Any CPU
		{41E8E38D-BAD5-4156-A650-B4A485278C9D}.Release|iPhoneSimulator.Deploy.0 = Release|Any CPU
		{41E8E38D-BAD5-4156-A650-B4A485278C9D}.Release|x64.ActiveCfg = Release|Any CPU
		{41E8E38D-BAD5-4156-A650-B4A485278C9D}.Release|x64.Build.0 = Release|Any CPU
		{41E8E38D-BAD5-4156-A650-B4A485278C9D}.Release|x64.Deploy.0 = Release|Any CPU
		{41E8E38D-BAD5-4156-A650-B4A485278C9D}.Release|x86.ActiveCfg = Release|Any CPU
		{41E8E38D-BAD5-4156-A650-B4A485278C9D}.Release|x86.Build.0 = Release|Any CPU
		{41E8E38D-BAD5-4156-A650-B4A485278C9D}.Release|x86.Deploy.0 = Release|Any CPU
		{E2D48E7D-FBE7-4ECF-A9CE-09DAE3B8766B}.Ad-Hoc|Any CPU.ActiveCfg = Ad-Hoc|iPhone
		{E2D48E7D-FBE7-4ECF-A9CE-09DAE3B8766B}.Ad-Hoc|ARM.ActiveCfg = Ad-Hoc|iPhone
		{E2D48E7D-FBE7-4ECF-A9CE-09DAE3B8766B}.Ad-Hoc|iPhone.ActiveCfg = Ad-Hoc|iPhone
		{E2D48E7D-FBE7-4ECF-A9CE-09DAE3B8766B}.Ad-Hoc|iPhone.Build.0 = Ad-Hoc|iPhone
		{E2D48E7D-FBE7-4ECF-A9CE-09DAE3B8766B}.Ad-Hoc|iPhoneSimulator.ActiveCfg = Ad-Hoc|iPhoneSimulator
		{E2D48E7D-FBE7-4ECF-A9CE-09DAE3B8766B}.Ad-Hoc|iPhoneSimulator.Build.0 = Ad-Hoc|iPhoneSimulator
		{E2D48E7D-FBE7-4ECF-A9CE-09DAE3B8766B}.Ad-Hoc|x64.ActiveCfg = Ad-Hoc|iPhone
		{E2D48E7D-FBE7-4ECF-A9CE-09DAE3B8766B}.Ad-Hoc|x86.ActiveCfg = Ad-Hoc|iPhone
		{E2D48E7D-FBE7-4ECF-A9CE-09DAE3B8766B}.AppStore|Any CPU.ActiveCfg = AppStore|iPhone
		{E2D48E7D-FBE7-4ECF-A9CE-09DAE3B8766B}.AppStore|ARM.ActiveCfg = AppStore|iPhone
		{E2D48E7D-FBE7-4ECF-A9CE-09DAE3B8766B}.AppStore|iPhone.ActiveCfg = AppStore|iPhone
		{E2D48E7D-FBE7-4ECF-A9CE-09DAE3B8766B}.AppStore|iPhone.Build.0 = AppStore|iPhone
		{E2D48E7D-FBE7-4ECF-A9CE-09DAE3B8766B}.AppStore|iPhoneSimulator.ActiveCfg = AppStore|iPhoneSimulator
		{E2D48E7D-FBE7-4ECF-A9CE-09DAE3B8766B}.AppStore|iPhoneSimulator.Build.0 = AppStore|iPhoneSimulator
		{E2D48E7D-FBE7-4ECF-A9CE-09DAE3B8766B}.AppStore|x64.ActiveCfg = AppStore|iPhone
		{E2D48E7D-FBE7-4ECF-A9CE-09DAE3B8766B}.AppStore|x86.ActiveCfg = AppStore|iPhone
		{E2D48E7D-FBE7-4ECF-A9CE-09DAE3B8766B}.Debug|Any CPU.ActiveCfg = Debug|iPhone
		{E2D48E7D-FBE7-4ECF-A9CE-09DAE3B8766B}.Debug|ARM.ActiveCfg = Debug|iPhone
		{E2D48E7D-FBE7-4ECF-A9CE-09DAE3B8766B}.Debug|iPhone.ActiveCfg = Debug|iPhone
		{E2D48E7D-FBE7-4ECF-A9CE-09DAE3B8766B}.Debug|iPhone.Build.0 = Debug|iPhone
		{E2D48E7D-FBE7-4ECF-A9CE-09DAE3B8766B}.Debug|iPhoneSimulator.ActiveCfg = Debug|iPhoneSimulator
		{E2D48E7D-FBE7-4ECF-A9CE-09DAE3B8766B}.Debug|iPhoneSimulator.Build.0 = Debug|iPhoneSimulator
		{E2D48E7D-FBE7-4ECF-A9CE-09DAE3B8766B}.Debug|x64.ActiveCfg = Debug|iPhone
		{E2D48E7D-FBE7-4ECF-A9CE-09DAE3B8766B}.Debug|x86.ActiveCfg = Debug|iPhone
		{E2D48E7D-FBE7-4ECF-A9CE-09DAE3B8766B}.Release|Any CPU.ActiveCfg = Release|iPhone
		{E2D48E7D-FBE7-4ECF-A9CE-09DAE3B8766B}.Release|ARM.ActiveCfg = Release|iPhone
		{E2D48E7D-FBE7-4ECF-A9CE-09DAE3B8766B}.Release|iPhone.ActiveCfg = Release|iPhone
		{E2D48E7D-FBE7-4ECF-A9CE-09DAE3B8766B}.Release|iPhone.Build.0 = Release|iPhone
		{E2D48E7D-FBE7-4ECF-A9CE-09DAE3B8766B}.Release|iPhoneSimulator.ActiveCfg = Release|iPhoneSimulator
		{E2D48E7D-FBE7-4ECF-A9CE-09DAE3B8766B}.Release|iPhoneSimulator.Build.0 = Release|iPhoneSimulator
		{E2D48E7D-FBE7-4ECF-A9CE-09DAE3B8766B}.Release|x64.ActiveCfg = Release|iPhone
		{E2D48E7D-FBE7-4ECF-A9CE-09DAE3B8766B}.Release|x86.ActiveCfg = Release|iPhone
		{C7797545-AF01-43B9-997D-E05A9514FE94}.Ad-Hoc|Any CPU.ActiveCfg = Release|x86
		{C7797545-AF01-43B9-997D-E05A9514FE94}.Ad-Hoc|Any CPU.Build.0 = Release|x86
		{C7797545-AF01-43B9-997D-E05A9514FE94}.Ad-Hoc|Any CPU.Deploy.0 = Release|x86
		{C7797545-AF01-43B9-997D-E05A9514FE94}.Ad-Hoc|ARM.ActiveCfg = Release|ARM
		{C7797545-AF01-43B9-997D-E05A9514FE94}.Ad-Hoc|ARM.Build.0 = Release|ARM
		{C7797545-AF01-43B9-997D-E05A9514FE94}.Ad-Hoc|ARM.Deploy.0 = Release|ARM
		{C7797545-AF01-43B9-997D-E05A9514FE94}.Ad-Hoc|iPhone.ActiveCfg = Release|x86
		{C7797545-AF01-43B9-997D-E05A9514FE94}.Ad-Hoc|iPhone.Build.0 = Release|x86
		{C7797545-AF01-43B9-997D-E05A9514FE94}.Ad-Hoc|iPhone.Deploy.0 = Release|x86
		{C7797545-AF01-43B9-997D-E05A9514FE94}.Ad-Hoc|iPhoneSimulator.ActiveCfg = Release|x86
		{C7797545-AF01-43B9-997D-E05A9514FE94}.Ad-Hoc|iPhoneSimulator.Build.0 = Release|x86
		{C7797545-AF01-43B9-997D-E05A9514FE94}.Ad-Hoc|iPhoneSimulator.Deploy.0 = Release|x86
		{C7797545-AF01-43B9-997D-E05A9514FE94}.Ad-Hoc|x64.ActiveCfg = Release|x64
		{C7797545-AF01-43B9-997D-E05A9514FE94}.Ad-Hoc|x64.Build.0 = Release|x64
		{C7797545-AF01-43B9-997D-E05A9514FE94}.Ad-Hoc|x64.Deploy.0 = Release|x64
		{C7797545-AF01-43B9-997D-E05A9514FE94}.Ad-Hoc|x86.ActiveCfg = Release|x86
		{C7797545-AF01-43B9-997D-E05A9514FE94}.Ad-Hoc|x86.Build.0 = Release|x86
		{C7797545-AF01-43B9-997D-E05A9514FE94}.Ad-Hoc|x86.Deploy.0 = Release|x86
		{C7797545-AF01-43B9-997D-E05A9514FE94}.AppStore|Any CPU.ActiveCfg = Release|x86
		{C7797545-AF01-43B9-997D-E05A9514FE94}.AppStore|Any CPU.Build.0 = Release|x86
		{C7797545-AF01-43B9-997D-E05A9514FE94}.AppStore|Any CPU.Deploy.0 = Release|x86
		{C7797545-AF01-43B9-997D-E05A9514FE94}.AppStore|ARM.ActiveCfg = Release|ARM
		{C7797545-AF01-43B9-997D-E05A9514FE94}.AppStore|ARM.Build.0 = Release|ARM
		{C7797545-AF01-43B9-997D-E05A9514FE94}.AppStore|ARM.Deploy.0 = Release|ARM
		{C7797545-AF01-43B9-997D-E05A9514FE94}.AppStore|iPhone.ActiveCfg = Release|x86
		{C7797545-AF01-43B9-997D-E05A9514FE94}.AppStore|iPhone.Build.0 = Release|x86
		{C7797545-AF01-43B9-997D-E05A9514FE94}.AppStore|iPhone.Deploy.0 = Release|x86
		{C7797545-AF01-43B9-997D-E05A9514FE94}.AppStore|iPhoneSimulator.ActiveCfg = Release|x86
		{C7797545-AF01-43B9-997D-E05A9514FE94}.AppStore|iPhoneSimulator.Build.0 = Release|x86
		{C7797545-AF01-43B9-997D-E05A9514FE94}.AppStore|iPhoneSimulator.Deploy.0 = Release|x86
		{C7797545-AF01-43B9-997D-E05A9514FE94}.AppStore|x64.ActiveCfg = Release|x64
		{C7797545-AF01-43B9-997D-E05A9514FE94}.AppStore|x64.Build.0 = Release|x64
		{C7797545-AF01-43B9-997D-E05A9514FE94}.AppStore|x64.Deploy.0 = Release|x64
		{C7797545-AF01-43B9-997D-E05A9514FE94}.AppStore|x86.ActiveCfg = Release|x86
		{C7797545-AF01-43B9-997D-E05A9514FE94}.AppStore|x86.Build.0 = Release|x86
		{C7797545-AF01-43B9-997D-E05A9514FE94}.AppStore|x86.Deploy.0 = Release|x86
		{C7797545-AF01-43B9-997D-E05A9514FE94}.Debug|Any CPU.ActiveCfg = Debug|x86
		{C7797545-AF01-43B9-997D-E05A9514FE94}.Debug|Any CPU.Build.0 = Debug|x86
		{C7797545-AF01-43B9-997D-E05A9514FE94}.Debug|Any CPU.Deploy.0 = Debug|x86
		{C7797545-AF01-43B9-997D-E05A9514FE94}.Debug|ARM.ActiveCfg = Debug|ARM
		{C7797545-AF01-43B9-997D-E05A9514FE94}.Debug|ARM.Build.0 = Debug|ARM
		{C7797545-AF01-43B9-997D-E05A9514FE94}.Debug|ARM.Deploy.0 = Debug|ARM
		{C7797545-AF01-43B9-997D-E05A9514FE94}.Debug|iPhone.ActiveCfg = Debug|x86
		{C7797545-AF01-43B9-997D-E05A9514FE94}.Debug|iPhoneSimulator.ActiveCfg = Debug|x86
		{C7797545-AF01-43B9-997D-E05A9514FE94}.Debug|x64.ActiveCfg = Debug|x86
		{C7797545-AF01-43B9-997D-E05A9514FE94}.Debug|x64.Build.0 = Debug|x86
		{C7797545-AF01-43B9-997D-E05A9514FE94}.Debug|x64.Deploy.0 = Debug|x86
		{C7797545-AF01-43B9-997D-E05A9514FE94}.Debug|x86.ActiveCfg = Debug|x86
		{C7797545-AF01-43B9-997D-E05A9514FE94}.Debug|x86.Build.0 = Debug|x86
		{C7797545-AF01-43B9-997D-E05A9514FE94}.Debug|x86.Deploy.0 = Debug|x86
		{C7797545-AF01-43B9-997D-E05A9514FE94}.Release|Any CPU.ActiveCfg = Release|x86
		{C7797545-AF01-43B9-997D-E05A9514FE94}.Release|ARM.ActiveCfg = Release|ARM
		{C7797545-AF01-43B9-997D-E05A9514FE94}.Release|ARM.Build.0 = Release|ARM
		{C7797545-AF01-43B9-997D-E05A9514FE94}.Release|ARM.Deploy.0 = Release|ARM
		{C7797545-AF01-43B9-997D-E05A9514FE94}.Release|iPhone.ActiveCfg = Release|x86
		{C7797545-AF01-43B9-997D-E05A9514FE94}.Release|iPhoneSimulator.ActiveCfg = Release|x86
		{C7797545-AF01-43B9-997D-E05A9514FE94}.Release|x64.ActiveCfg = Release|x64
		{C7797545-AF01-43B9-997D-E05A9514FE94}.Release|x64.Build.0 = Release|x64
		{C7797545-AF01-43B9-997D-E05A9514FE94}.Release|x64.Deploy.0 = Release|x64
		{C7797545-AF01-43B9-997D-E05A9514FE94}.Release|x86.ActiveCfg = Release|x86
		{C7797545-AF01-43B9-997D-E05A9514FE94}.Release|x86.Build.0 = Release|x86
		{C7797545-AF01-43B9-997D-E05A9514FE94}.Release|x86.Deploy.0 = Release|x86
		{927CECF1-C123-40D3-B17C-51FEC3CFB5CF}.Ad-Hoc|Any CPU.ActiveCfg = Release|x86
		{927CECF1-C123-40D3-B17C-51FEC3CFB5CF}.Ad-Hoc|Any CPU.Build.0 = Release|x86
		{927CECF1-C123-40D3-B17C-51FEC3CFB5CF}.Ad-Hoc|Any CPU.Deploy.0 = Release|x86
		{927CECF1-C123-40D3-B17C-51FEC3CFB5CF}.Ad-Hoc|ARM.ActiveCfg = Release|x86
		{927CECF1-C123-40D3-B17C-51FEC3CFB5CF}.Ad-Hoc|ARM.Build.0 = Release|x86
		{927CECF1-C123-40D3-B17C-51FEC3CFB5CF}.Ad-Hoc|ARM.Deploy.0 = Release|x86
		{927CECF1-C123-40D3-B17C-51FEC3CFB5CF}.Ad-Hoc|iPhone.ActiveCfg = Release|x86
		{927CECF1-C123-40D3-B17C-51FEC3CFB5CF}.Ad-Hoc|iPhone.Build.0 = Release|x86
		{927CECF1-C123-40D3-B17C-51FEC3CFB5CF}.Ad-Hoc|iPhone.Deploy.0 = Release|x86
		{927CECF1-C123-40D3-B17C-51FEC3CFB5CF}.Ad-Hoc|iPhoneSimulator.ActiveCfg = Release|x86
		{927CECF1-C123-40D3-B17C-51FEC3CFB5CF}.Ad-Hoc|iPhoneSimulator.Build.0 = Release|x86
		{927CECF1-C123-40D3-B17C-51FEC3CFB5CF}.Ad-Hoc|iPhoneSimulator.Deploy.0 = Release|x86
		{927CECF1-C123-40D3-B17C-51FEC3CFB5CF}.Ad-Hoc|x64.ActiveCfg = Release|x86
		{927CECF1-C123-40D3-B17C-51FEC3CFB5CF}.Ad-Hoc|x64.Build.0 = Release|x86
		{927CECF1-C123-40D3-B17C-51FEC3CFB5CF}.Ad-Hoc|x64.Deploy.0 = Release|x86
		{927CECF1-C123-40D3-B17C-51FEC3CFB5CF}.Ad-Hoc|x86.ActiveCfg = Release|x86
		{927CECF1-C123-40D3-B17C-51FEC3CFB5CF}.Ad-Hoc|x86.Build.0 = Release|x86
		{927CECF1-C123-40D3-B17C-51FEC3CFB5CF}.Ad-Hoc|x86.Deploy.0 = Release|x86
		{927CECF1-C123-40D3-B17C-51FEC3CFB5CF}.AppStore|Any CPU.ActiveCfg = Release|x86
		{927CECF1-C123-40D3-B17C-51FEC3CFB5CF}.AppStore|Any CPU.Build.0 = Release|x86
		{927CECF1-C123-40D3-B17C-51FEC3CFB5CF}.AppStore|Any CPU.Deploy.0 = Release|x86
		{927CECF1-C123-40D3-B17C-51FEC3CFB5CF}.AppStore|ARM.ActiveCfg = Release|x86
		{927CECF1-C123-40D3-B17C-51FEC3CFB5CF}.AppStore|ARM.Build.0 = Release|x86
		{927CECF1-C123-40D3-B17C-51FEC3CFB5CF}.AppStore|ARM.Deploy.0 = Release|x86
		{927CECF1-C123-40D3-B17C-51FEC3CFB5CF}.AppStore|iPhone.ActiveCfg = Release|x86
		{927CECF1-C123-40D3-B17C-51FEC3CFB5CF}.AppStore|iPhone.Build.0 = Release|x86
		{927CECF1-C123-40D3-B17C-51FEC3CFB5CF}.AppStore|iPhone.Deploy.0 = Release|x86
		{927CECF1-C123-40D3-B17C-51FEC3CFB5CF}.AppStore|iPhoneSimulator.ActiveCfg = Release|x86
		{927CECF1-C123-40D3-B17C-51FEC3CFB5CF}.AppStore|iPhoneSimulator.Build.0 = Release|x86
		{927CECF1-C123-40D3-B17C-51FEC3CFB5CF}.AppStore|iPhoneSimulator.Deploy.0 = Release|x86
		{927CECF1-C123-40D3-B17C-51FEC3CFB5CF}.AppStore|x64.ActiveCfg = Release|x86
		{927CECF1-C123-40D3-B17C-51FEC3CFB5CF}.AppStore|x64.Build.0 = Release|x86
		{927CECF1-C123-40D3-B17C-51FEC3CFB5CF}.AppStore|x64.Deploy.0 = Release|x86
		{927CECF1-C123-40D3-B17C-51FEC3CFB5CF}.AppStore|x86.ActiveCfg = Release|x86
		{927CECF1-C123-40D3-B17C-51FEC3CFB5CF}.AppStore|x86.Build.0 = Release|x86
		{927CECF1-C123-40D3-B17C-51FEC3CFB5CF}.AppStore|x86.Deploy.0 = Release|x86
		{927CECF1-C123-40D3-B17C-51FEC3CFB5CF}.Debug|Any CPU.ActiveCfg = Debug|x86
		{927CECF1-C123-40D3-B17C-51FEC3CFB5CF}.Debug|Any CPU.Build.0 = Debug|x86
		{927CECF1-C123-40D3-B17C-51FEC3CFB5CF}.Debug|Any CPU.Deploy.0 = Debug|x86
		{927CECF1-C123-40D3-B17C-51FEC3CFB5CF}.Debug|ARM.ActiveCfg = Debug|x86
		{927CECF1-C123-40D3-B17C-51FEC3CFB5CF}.Debug|iPhone.ActiveCfg = Debug|x86
		{927CECF1-C123-40D3-B17C-51FEC3CFB5CF}.Debug|iPhoneSimulator.ActiveCfg = Debug|x86
		{927CECF1-C123-40D3-B17C-51FEC3CFB5CF}.Debug|x64.ActiveCfg = Debug|x86
		{927CECF1-C123-40D3-B17C-51FEC3CFB5CF}.Debug|x64.Build.0 = Debug|x86
		{927CECF1-C123-40D3-B17C-51FEC3CFB5CF}.Debug|x64.Deploy.0 = Debug|x86
		{927CECF1-C123-40D3-B17C-51FEC3CFB5CF}.Debug|x86.ActiveCfg = Debug|x86
		{927CECF1-C123-40D3-B17C-51FEC3CFB5CF}.Debug|x86.Build.0 = Debug|x86
		{927CECF1-C123-40D3-B17C-51FEC3CFB5CF}.Debug|x86.Deploy.0 = Debug|x86
		{927CECF1-C123-40D3-B17C-51FEC3CFB5CF}.Release|Any CPU.ActiveCfg = Release|x86
		{927CECF1-C123-40D3-B17C-51FEC3CFB5CF}.Release|ARM.ActiveCfg = Release|x86
		{927CECF1-C123-40D3-B17C-51FEC3CFB5CF}.Release|iPhone.ActiveCfg = Release|x86
		{927CECF1-C123-40D3-B17C-51FEC3CFB5CF}.Release|iPhoneSimulator.ActiveCfg = Release|x86
		{927CECF1-C123-40D3-B17C-51FEC3CFB5CF}.Release|x64.ActiveCfg = Release|x86
		{927CECF1-C123-40D3-B17C-51FEC3CFB5CF}.Release|x86.ActiveCfg = Release|x86
		{927CECF1-C123-40D3-B17C-51FEC3CFB5CF}.Release|x86.Build.0 = Release|x86
		{927CECF1-C123-40D3-B17C-51FEC3CFB5CF}.Release|x86.Deploy.0 = Release|x86
		{F55ADE4B-08FE-4AEA-B08A-3A793D149C42}.Ad-Hoc|Any CPU.ActiveCfg = Release|Any CPU
		{F55ADE4B-08FE-4AEA-B08A-3A793D149C42}.Ad-Hoc|Any CPU.Build.0 = Release|Any CPU
		{F55ADE4B-08FE-4AEA-B08A-3A793D149C42}.Ad-Hoc|ARM.ActiveCfg = Release|Any CPU
		{F55ADE4B-08FE-4AEA-B08A-3A793D149C42}.Ad-Hoc|ARM.Build.0 = Release|Any CPU
		{F55ADE4B-08FE-4AEA-B08A-3A793D149C42}.Ad-Hoc|iPhone.ActiveCfg = Release|Any CPU
		{F55ADE4B-08FE-4AEA-B08A-3A793D149C42}.Ad-Hoc|iPhone.Build.0 = Release|Any CPU
		{F55ADE4B-08FE-4AEA-B08A-3A793D149C42}.Ad-Hoc|iPhoneSimulator.ActiveCfg = Release|Any CPU
		{F55ADE4B-08FE-4AEA-B08A-3A793D149C42}.Ad-Hoc|iPhoneSimulator.Build.0 = Release|Any CPU
		{F55ADE4B-08FE-4AEA-B08A-3A793D149C42}.Ad-Hoc|x64.ActiveCfg = Release|Any CPU
		{F55ADE4B-08FE-4AEA-B08A-3A793D149C42}.Ad-Hoc|x64.Build.0 = Release|Any CPU
		{F55ADE4B-08FE-4AEA-B08A-3A793D149C42}.Ad-Hoc|x86.ActiveCfg = Release|Any CPU
		{F55ADE4B-08FE-4AEA-B08A-3A793D149C42}.Ad-Hoc|x86.Build.0 = Release|Any CPU
		{F55ADE4B-08FE-4AEA-B08A-3A793D149C42}.AppStore|Any CPU.ActiveCfg = Release|Any CPU
		{F55ADE4B-08FE-4AEA-B08A-3A793D149C42}.AppStore|Any CPU.Build.0 = Release|Any CPU
		{F55ADE4B-08FE-4AEA-B08A-3A793D149C42}.AppStore|ARM.ActiveCfg = Release|Any CPU
		{F55ADE4B-08FE-4AEA-B08A-3A793D149C42}.AppStore|ARM.Build.0 = Release|Any CPU
		{F55ADE4B-08FE-4AEA-B08A-3A793D149C42}.AppStore|iPhone.ActiveCfg = Release|Any CPU
		{F55ADE4B-08FE-4AEA-B08A-3A793D149C42}.AppStore|iPhone.Build.0 = Release|Any CPU
		{F55ADE4B-08FE-4AEA-B08A-3A793D149C42}.AppStore|iPhoneSimulator.ActiveCfg = Release|Any CPU
		{F55ADE4B-08FE-4AEA-B08A-3A793D149C42}.AppStore|iPhoneSimulator.Build.0 = Release|Any CPU
		{F55ADE4B-08FE-4AEA-B08A-3A793D149C42}.AppStore|x64.ActiveCfg = Release|Any CPU
		{F55ADE4B-08FE-4AEA-B08A-3A793D149C42}.AppStore|x64.Build.0 = Release|Any CPU
		{F55ADE4B-08FE-4AEA-B08A-3A793D149C42}.AppStore|x86.ActiveCfg = Release|Any CPU
		{F55ADE4B-08FE-4AEA-B08A-3A793D149C42}.AppStore|x86.Build.0 = Release|Any CPU
		{F55ADE4B-08FE-4AEA-B08A-3A793D149C42}.Debug|Any CPU.ActiveCfg = Debug|Any CPU
		{F55ADE4B-08FE-4AEA-B08A-3A793D149C42}.Debug|Any CPU.Build.0 = Debug|Any CPU
		{F55ADE4B-08FE-4AEA-B08A-3A793D149C42}.Debug|ARM.ActiveCfg = Debug|Any CPU
		{F55ADE4B-08FE-4AEA-B08A-3A793D149C42}.Debug|ARM.Build.0 = Debug|Any CPU
		{F55ADE4B-08FE-4AEA-B08A-3A793D149C42}.Debug|iPhone.ActiveCfg = Debug|Any CPU
		{F55ADE4B-08FE-4AEA-B08A-3A793D149C42}.Debug|iPhone.Build.0 = Debug|Any CPU
		{F55ADE4B-08FE-4AEA-B08A-3A793D149C42}.Debug|iPhoneSimulator.ActiveCfg = Debug|Any CPU
		{F55ADE4B-08FE-4AEA-B08A-3A793D149C42}.Debug|iPhoneSimulator.Build.0 = Debug|Any CPU
		{F55ADE4B-08FE-4AEA-B08A-3A793D149C42}.Debug|x64.ActiveCfg = Debug|Any CPU
		{F55ADE4B-08FE-4AEA-B08A-3A793D149C42}.Debug|x64.Build.0 = Debug|Any CPU
		{F55ADE4B-08FE-4AEA-B08A-3A793D149C42}.Debug|x86.ActiveCfg = Debug|Any CPU
		{F55ADE4B-08FE-4AEA-B08A-3A793D149C42}.Debug|x86.Build.0 = Debug|Any CPU
		{F55ADE4B-08FE-4AEA-B08A-3A793D149C42}.Release|Any CPU.ActiveCfg = Release|Any CPU
		{F55ADE4B-08FE-4AEA-B08A-3A793D149C42}.Release|Any CPU.Build.0 = Release|Any CPU
		{F55ADE4B-08FE-4AEA-B08A-3A793D149C42}.Release|ARM.ActiveCfg = Release|Any CPU
		{F55ADE4B-08FE-4AEA-B08A-3A793D149C42}.Release|ARM.Build.0 = Release|Any CPU
		{F55ADE4B-08FE-4AEA-B08A-3A793D149C42}.Release|iPhone.ActiveCfg = Release|Any CPU
		{F55ADE4B-08FE-4AEA-B08A-3A793D149C42}.Release|iPhone.Build.0 = Release|Any CPU
		{F55ADE4B-08FE-4AEA-B08A-3A793D149C42}.Release|iPhoneSimulator.ActiveCfg = Release|Any CPU
		{F55ADE4B-08FE-4AEA-B08A-3A793D149C42}.Release|iPhoneSimulator.Build.0 = Release|Any CPU
		{F55ADE4B-08FE-4AEA-B08A-3A793D149C42}.Release|x64.ActiveCfg = Release|Any CPU
		{F55ADE4B-08FE-4AEA-B08A-3A793D149C42}.Release|x64.Build.0 = Release|Any CPU
		{F55ADE4B-08FE-4AEA-B08A-3A793D149C42}.Release|x86.ActiveCfg = Release|Any CPU
		{F55ADE4B-08FE-4AEA-B08A-3A793D149C42}.Release|x86.Build.0 = Release|Any CPU
	EndGlobalSection
	GlobalSection(SolutionProperties) = preSolution
		HideSolutionNode = FALSE
	EndGlobalSection
	GlobalSection(NestedProjects) = preSolution
		{20213F5F-7F2E-42AC-8634-71CE12A234C3} = {39ADD77B-430A-4851-87FA-6E3ED5A8673F}
		{41E8E38D-BAD5-4156-A650-B4A485278C9D} = {39ADD77B-430A-4851-87FA-6E3ED5A8673F}
		{E2D48E7D-FBE7-4ECF-A9CE-09DAE3B8766B} = {39ADD77B-430A-4851-87FA-6E3ED5A8673F}
		{C7797545-AF01-43B9-997D-E05A9514FE94} = {39ADD77B-430A-4851-87FA-6E3ED5A8673F}
		{927CECF1-C123-40D3-B17C-51FEC3CFB5CF} = {2E39972A-3765-43BB-B905-C6B1B5B0F2A5}
	EndGlobalSection
EndGlobal
