Microsoft Visual Studio Solution File, Format Version 12.00
# Visual Studio 15
VisualStudioVersion = 15.0.27130.2024
MinimumVisualStudioVersion = 10.0.40219.1
Project("{FAE04EC0-301F-11D3-BF4B-00C04F79EFBC}") = "Urho.Samples.Droid", "Android\Urho.Samples.Droid.csproj", "{9599B6A8-09DA-455C-9391-319A1FCDC5B6}"
EndProject
Project("{FAE04EC0-301F-11D3-BF4B-00C04F79EFBC}") = "Urho.Samples", "Core\Urho.Samples.csproj", "{792AF649-1BB3-4242-8BA3-61F67E357B18}"
EndProject
Project("{FAE04EC0-301F-11D3-BF4B-00C04F79EFBC}") = "Urho.Samples.Console", "Console\Urho.Samples.Console.csproj", "{C9D62FA9-7107-466F-BD0D-B0AAA69D975B}"
EndProject
Project("{FAE04EC0-301F-11D3-BF4B-00C04F79EFBC}") = "Urho.Samples.iOS", "iOS\Urho.Samples.iOS.csproj", "{4190D8C8-C168-4B6C-B76C-0F4F63E7D5CF}"
EndProject
Project("{FAE04EC0-301F-11D3-BF4B-00C04F79EFBC}") = "Urho.Samples.WPF", "WPF\Urho.Samples.WPF.csproj", "{AE735CB7-9711-4AC1-8527-AB1C6BE63262}"
EndProject
Project("{FAE04EC0-301F-11D3-BF4B-00C04F79EFBC}") = "Urho.Samples.WinForms", "WinForms\Urho.Samples.WinForms.csproj", "{DDE9D8D7-503E-483E-BD58-0284A63779DC}"
EndProject
Project("{FAE04EC0-301F-11D3-BF4B-00C04F79EFBC}") = "Urho.Samples.UWP", "UWP\Urho.Samples.UWP.csproj", "{856691B7-3B87-4727-97AF-31B35730E93D}"
EndProject
Project("{FAE04EC0-301F-11D3-BF4B-00C04F79EFBC}") = "Urho.Samples.Cocoa", "Cocoa\Urho.Samples.Cocoa.csproj", "{75FEADAF-C698-4691-A1B9-48C5F04837FE}"
EndProject
Global
	GlobalSection(SolutionConfigurationPlatforms) = preSolution
		Ad-Hoc|Any CPU = Ad-Hoc|Any CPU
		Ad-Hoc|ARM = Ad-Hoc|ARM
		Ad-Hoc|iPhone = Ad-Hoc|iPhone
		Ad-Hoc|iPhoneSimulator = Ad-Hoc|iPhoneSimulator
		Ad-Hoc|x64 = Ad-Hoc|x64
		Ad-Hoc|x86 = Ad-Hoc|x86
		AppStore|Any CPU = AppStore|Any CPU
		AppStore|ARM = AppStore|ARM
		AppStore|iPhone = AppStore|iPhone
		AppStore|iPhoneSimulator = AppStore|iPhoneSimulator
		AppStore|x64 = AppStore|x64
		AppStore|x86 = AppStore|x86
		Debug|Any CPU = Debug|Any CPU
		Debug|ARM = Debug|ARM
		Debug|iPhone = Debug|iPhone
		Debug|iPhoneSimulator = Debug|iPhoneSimulator
		Debug|x64 = Debug|x64
		Debug|x86 = Debug|x86
		Release|Any CPU = Release|Any CPU
		Release|ARM = Release|ARM
		Release|iPhone = Release|iPhone
		Release|iPhoneSimulator = Release|iPhoneSimulator
		Release|x64 = Release|x64
		Release|x86 = Release|x86
	EndGlobalSection
	GlobalSection(ProjectConfigurationPlatforms) = postSolution
		{9599B6A8-09DA-455C-9391-319A1FCDC5B6}.Ad-Hoc|Any CPU.ActiveCfg = Release|Any CPU
		{9599B6A8-09DA-455C-9391-319A1FCDC5B6}.Ad-Hoc|Any CPU.Build.0 = Release|Any CPU
		{9599B6A8-09DA-455C-9391-319A1FCDC5B6}.Ad-Hoc|Any CPU.Deploy.0 = Release|Any CPU
		{9599B6A8-09DA-455C-9391-319A1FCDC5B6}.Ad-Hoc|ARM.ActiveCfg = Release Mac|Any CPU
		{9599B6A8-09DA-455C-9391-319A1FCDC5B6}.Ad-Hoc|ARM.Build.0 = Release Mac|Any CPU
		{9599B6A8-09DA-455C-9391-319A1FCDC5B6}.Ad-Hoc|ARM.Deploy.0 = Release Mac|Any CPU
		{9599B6A8-09DA-455C-9391-319A1FCDC5B6}.Ad-Hoc|iPhone.ActiveCfg = Release|Any CPU
		{9599B6A8-09DA-455C-9391-319A1FCDC5B6}.Ad-Hoc|iPhone.Build.0 = Release|Any CPU
		{9599B6A8-09DA-455C-9391-319A1FCDC5B6}.Ad-Hoc|iPhone.Deploy.0 = Release|Any CPU
		{9599B6A8-09DA-455C-9391-319A1FCDC5B6}.Ad-Hoc|iPhoneSimulator.ActiveCfg = Release|Any CPU
		{9599B6A8-09DA-455C-9391-319A1FCDC5B6}.Ad-Hoc|iPhoneSimulator.Build.0 = Release|Any CPU
		{9599B6A8-09DA-455C-9391-319A1FCDC5B6}.Ad-Hoc|iPhoneSimulator.Deploy.0 = Release|Any CPU
		{9599B6A8-09DA-455C-9391-319A1FCDC5B6}.Ad-Hoc|x64.ActiveCfg = Release Mac|Any CPU
		{9599B6A8-09DA-455C-9391-319A1FCDC5B6}.Ad-Hoc|x64.Build.0 = Release Mac|Any CPU
		{9599B6A8-09DA-455C-9391-319A1FCDC5B6}.Ad-Hoc|x64.Deploy.0 = Release Mac|Any CPU
		{9599B6A8-09DA-455C-9391-319A1FCDC5B6}.Ad-Hoc|x86.ActiveCfg = Release Mac|Any CPU
		{9599B6A8-09DA-455C-9391-319A1FCDC5B6}.Ad-Hoc|x86.Build.0 = Release Mac|Any CPU
		{9599B6A8-09DA-455C-9391-319A1FCDC5B6}.Ad-Hoc|x86.Deploy.0 = Release Mac|Any CPU
		{9599B6A8-09DA-455C-9391-319A1FCDC5B6}.AppStore|Any CPU.ActiveCfg = Release|Any CPU
		{9599B6A8-09DA-455C-9391-319A1FCDC5B6}.AppStore|Any CPU.Build.0 = Release|Any CPU
		{9599B6A8-09DA-455C-9391-319A1FCDC5B6}.AppStore|Any CPU.Deploy.0 = Release|Any CPU
		{9599B6A8-09DA-455C-9391-319A1FCDC5B6}.AppStore|ARM.ActiveCfg = Release Mac|Any CPU
		{9599B6A8-09DA-455C-9391-319A1FCDC5B6}.AppStore|ARM.Build.0 = Release Mac|Any CPU
		{9599B6A8-09DA-455C-9391-319A1FCDC5B6}.AppStore|ARM.Deploy.0 = Release Mac|Any CPU
		{9599B6A8-09DA-455C-9391-319A1FCDC5B6}.AppStore|iPhone.ActiveCfg = Release|Any CPU
		{9599B6A8-09DA-455C-9391-319A1FCDC5B6}.AppStore|iPhone.Build.0 = Release|Any CPU
		{9599B6A8-09DA-455C-9391-319A1FCDC5B6}.AppStore|iPhone.Deploy.0 = Release|Any CPU
		{9599B6A8-09DA-455C-9391-319A1FCDC5B6}.AppStore|iPhoneSimulator.ActiveCfg = Release|Any CPU
		{9599B6A8-09DA-455C-9391-319A1FCDC5B6}.AppStore|iPhoneSimulator.Build.0 = Release|Any CPU
		{9599B6A8-09DA-455C-9391-319A1FCDC5B6}.AppStore|iPhoneSimulator.Deploy.0 = Release|Any CPU
		{9599B6A8-09DA-455C-9391-319A1FCDC5B6}.AppStore|x64.ActiveCfg = Release Mac|Any CPU
		{9599B6A8-09DA-455C-9391-319A1FCDC5B6}.AppStore|x64.Build.0 = Release Mac|Any CPU
		{9599B6A8-09DA-455C-9391-319A1FCDC5B6}.AppStore|x64.Deploy.0 = Release Mac|Any CPU
		{9599B6A8-09DA-455C-9391-319A1FCDC5B6}.AppStore|x86.ActiveCfg = Release Mac|Any CPU
		{9599B6A8-09DA-455C-9391-319A1FCDC5B6}.AppStore|x86.Build.0 = Release Mac|Any CPU
		{9599B6A8-09DA-455C-9391-319A1FCDC5B6}.AppStore|x86.Deploy.0 = Release Mac|Any CPU
		{9599B6A8-09DA-455C-9391-319A1FCDC5B6}.Debug|Any CPU.ActiveCfg = Debug|Any CPU
		{9599B6A8-09DA-455C-9391-319A1FCDC5B6}.Debug|Any CPU.Build.0 = Debug|Any CPU
		{9599B6A8-09DA-455C-9391-319A1FCDC5B6}.Debug|Any CPU.Deploy.0 = Debug|Any CPU
		{9599B6A8-09DA-455C-9391-319A1FCDC5B6}.Debug|ARM.ActiveCfg = Debug|Any CPU
		{9599B6A8-09DA-455C-9391-319A1FCDC5B6}.Debug|ARM.Build.0 = Debug|Any CPU
		{9599B6A8-09DA-455C-9391-319A1FCDC5B6}.Debug|ARM.Deploy.0 = Debug|Any CPU
		{9599B6A8-09DA-455C-9391-319A1FCDC5B6}.Debug|iPhone.ActiveCfg = Debug|Any CPU
		{9599B6A8-09DA-455C-9391-319A1FCDC5B6}.Debug|iPhone.Build.0 = Debug|Any CPU
		{9599B6A8-09DA-455C-9391-319A1FCDC5B6}.Debug|iPhone.Deploy.0 = Debug|Any CPU
		{9599B6A8-09DA-455C-9391-319A1FCDC5B6}.Debug|iPhoneSimulator.ActiveCfg = Debug|Any CPU
		{9599B6A8-09DA-455C-9391-319A1FCDC5B6}.Debug|iPhoneSimulator.Build.0 = Debug|Any CPU
		{9599B6A8-09DA-455C-9391-319A1FCDC5B6}.Debug|iPhoneSimulator.Deploy.0 = Debug|Any CPU
		{9599B6A8-09DA-455C-9391-319A1FCDC5B6}.Debug|x64.ActiveCfg = Debug|Any CPU
		{9599B6A8-09DA-455C-9391-319A1FCDC5B6}.Debug|x64.Build.0 = Debug|Any CPU
		{9599B6A8-09DA-455C-9391-319A1FCDC5B6}.Debug|x64.Deploy.0 = Debug|Any CPU
		{9599B6A8-09DA-455C-9391-319A1FCDC5B6}.Debug|x86.ActiveCfg = Debug|Any CPU
		{9599B6A8-09DA-455C-9391-319A1FCDC5B6}.Debug|x86.Build.0 = Debug|Any CPU
		{9599B6A8-09DA-455C-9391-319A1FCDC5B6}.Debug|x86.Deploy.0 = Debug|Any CPU
		{9599B6A8-09DA-455C-9391-319A1FCDC5B6}.Release|Any CPU.ActiveCfg = Release|Any CPU
		{9599B6A8-09DA-455C-9391-319A1FCDC5B6}.Release|Any CPU.Build.0 = Release|Any CPU
		{9599B6A8-09DA-455C-9391-319A1FCDC5B6}.Release|Any CPU.Deploy.0 = Release|Any CPU
		{9599B6A8-09DA-455C-9391-319A1FCDC5B6}.Release|ARM.ActiveCfg = Release|Any CPU
		{9599B6A8-09DA-455C-9391-319A1FCDC5B6}.Release|ARM.Build.0 = Release|Any CPU
		{9599B6A8-09DA-455C-9391-319A1FCDC5B6}.Release|ARM.Deploy.0 = Release|Any CPU
		{9599B6A8-09DA-455C-9391-319A1FCDC5B6}.Release|iPhone.ActiveCfg = Release|Any CPU
		{9599B6A8-09DA-455C-9391-319A1FCDC5B6}.Release|iPhone.Build.0 = Release|Any CPU
		{9599B6A8-09DA-455C-9391-319A1FCDC5B6}.Release|iPhone.Deploy.0 = Release|Any CPU
		{9599B6A8-09DA-455C-9391-319A1FCDC5B6}.Release|iPhoneSimulator.ActiveCfg = Release|Any CPU
		{9599B6A8-09DA-455C-9391-319A1FCDC5B6}.Release|iPhoneSimulator.Build.0 = Release|Any CPU
		{9599B6A8-09DA-455C-9391-319A1FCDC5B6}.Release|iPhoneSimulator.Deploy.0 = Release|Any CPU
		{9599B6A8-09DA-455C-9391-319A1FCDC5B6}.Release|x64.ActiveCfg = Release|Any CPU
		{9599B6A8-09DA-455C-9391-319A1FCDC5B6}.Release|x64.Build.0 = Release|Any CPU
		{9599B6A8-09DA-455C-9391-319A1FCDC5B6}.Release|x64.Deploy.0 = Release|Any CPU
		{9599B6A8-09DA-455C-9391-319A1FCDC5B6}.Release|x86.ActiveCfg = Release|Any CPU
		{9599B6A8-09DA-455C-9391-319A1FCDC5B6}.Release|x86.Build.0 = Release|Any CPU
		{9599B6A8-09DA-455C-9391-319A1FCDC5B6}.Release|x86.Deploy.0 = Release|Any CPU
		{792AF649-1BB3-4242-8BA3-61F67E357B18}.Ad-Hoc|Any CPU.ActiveCfg = Release|Any CPU
		{792AF649-1BB3-4242-8BA3-61F67E357B18}.Ad-Hoc|Any CPU.Build.0 = Release|Any CPU
		{792AF649-1BB3-4242-8BA3-61F67E357B18}.Ad-Hoc|ARM.ActiveCfg = Release Mac|Any CPU
		{792AF649-1BB3-4242-8BA3-61F67E357B18}.Ad-Hoc|ARM.Build.0 = Release Mac|Any CPU
		{792AF649-1BB3-4242-8BA3-61F67E357B18}.Ad-Hoc|iPhone.ActiveCfg = Release|Any CPU
		{792AF649-1BB3-4242-8BA3-61F67E357B18}.Ad-Hoc|iPhone.Build.0 = Release|Any CPU
		{792AF649-1BB3-4242-8BA3-61F67E357B18}.Ad-Hoc|iPhoneSimulator.ActiveCfg = Release|Any CPU
		{792AF649-1BB3-4242-8BA3-61F67E357B18}.Ad-Hoc|iPhoneSimulator.Build.0 = Release|Any CPU
		{792AF649-1BB3-4242-8BA3-61F67E357B18}.Ad-Hoc|x64.ActiveCfg = Release Mac|Any CPU
		{792AF649-1BB3-4242-8BA3-61F67E357B18}.Ad-Hoc|x64.Build.0 = Release Mac|Any CPU
		{792AF649-1BB3-4242-8BA3-61F67E357B18}.Ad-Hoc|x86.ActiveCfg = Release Mac|Any CPU
		{792AF649-1BB3-4242-8BA3-61F67E357B18}.Ad-Hoc|x86.Build.0 = Release Mac|Any CPU
		{792AF649-1BB3-4242-8BA3-61F67E357B18}.AppStore|Any CPU.ActiveCfg = Release|Any CPU
		{792AF649-1BB3-4242-8BA3-61F67E357B18}.AppStore|Any CPU.Build.0 = Release|Any CPU
		{792AF649-1BB3-4242-8BA3-61F67E357B18}.AppStore|ARM.ActiveCfg = Release Mac|Any CPU
		{792AF649-1BB3-4242-8BA3-61F67E357B18}.AppStore|ARM.Build.0 = Release Mac|Any CPU
		{792AF649-1BB3-4242-8BA3-61F67E357B18}.AppStore|iPhone.ActiveCfg = Release|Any CPU
		{792AF649-1BB3-4242-8BA3-61F67E357B18}.AppStore|iPhone.Build.0 = Release|Any CPU
		{792AF649-1BB3-4242-8BA3-61F67E357B18}.AppStore|iPhoneSimulator.ActiveCfg = Release|Any CPU
		{792AF649-1BB3-4242-8BA3-61F67E357B18}.AppStore|iPhoneSimulator.Build.0 = Release|Any CPU
		{792AF649-1BB3-4242-8BA3-61F67E357B18}.AppStore|x64.ActiveCfg = Release Mac|Any CPU
		{792AF649-1BB3-4242-8BA3-61F67E357B18}.AppStore|x64.Build.0 = Release Mac|Any CPU
		{792AF649-1BB3-4242-8BA3-61F67E357B18}.AppStore|x86.ActiveCfg = Release Mac|Any CPU
		{792AF649-1BB3-4242-8BA3-61F67E357B18}.AppStore|x86.Build.0 = Release Mac|Any CPU
		{792AF649-1BB3-4242-8BA3-61F67E357B18}.Debug|Any CPU.ActiveCfg = Debug|Any CPU
		{792AF649-1BB3-4242-8BA3-61F67E357B18}.Debug|Any CPU.Build.0 = Debug|Any CPU
		{792AF649-1BB3-4242-8BA3-61F67E357B18}.Debug|ARM.ActiveCfg = Debug|Any CPU
		{792AF649-1BB3-4242-8BA3-61F67E357B18}.Debug|ARM.Build.0 = Debug|Any CPU
		{792AF649-1BB3-4242-8BA3-61F67E357B18}.Debug|iPhone.ActiveCfg = Debug|Any CPU
		{792AF649-1BB3-4242-8BA3-61F67E357B18}.Debug|iPhone.Build.0 = Debug|Any CPU
		{792AF649-1BB3-4242-8BA3-61F67E357B18}.Debug|iPhoneSimulator.ActiveCfg = Debug|Any CPU
		{792AF649-1BB3-4242-8BA3-61F67E357B18}.Debug|iPhoneSimulator.Build.0 = Debug|Any CPU
		{792AF649-1BB3-4242-8BA3-61F67E357B18}.Debug|x64.ActiveCfg = Debug|Any CPU
		{792AF649-1BB3-4242-8BA3-61F67E357B18}.Debug|x64.Build.0 = Debug|Any CPU
		{792AF649-1BB3-4242-8BA3-61F67E357B18}.Debug|x86.ActiveCfg = Debug|Any CPU
		{792AF649-1BB3-4242-8BA3-61F67E357B18}.Debug|x86.Build.0 = Debug|Any CPU
		{792AF649-1BB3-4242-8BA3-61F67E357B18}.Release|Any CPU.ActiveCfg = Release|Any CPU
		{792AF649-1BB3-4242-8BA3-61F67E357B18}.Release|Any CPU.Build.0 = Release|Any CPU
		{792AF649-1BB3-4242-8BA3-61F67E357B18}.Release|ARM.ActiveCfg = Release|Any CPU
		{792AF649-1BB3-4242-8BA3-61F67E357B18}.Release|ARM.Build.0 = Release|Any CPU
		{792AF649-1BB3-4242-8BA3-61F67E357B18}.Release|iPhone.ActiveCfg = Release|Any CPU
		{792AF649-1BB3-4242-8BA3-61F67E357B18}.Release|iPhone.Build.0 = Release|Any CPU
		{792AF649-1BB3-4242-8BA3-61F67E357B18}.Release|iPhoneSimulator.ActiveCfg = Release|Any CPU
		{792AF649-1BB3-4242-8BA3-61F67E357B18}.Release|iPhoneSimulator.Build.0 = Release|Any CPU
		{792AF649-1BB3-4242-8BA3-61F67E357B18}.Release|x64.ActiveCfg = Release|Any CPU
		{792AF649-1BB3-4242-8BA3-61F67E357B18}.Release|x64.Build.0 = Release|Any CPU
		{792AF649-1BB3-4242-8BA3-61F67E357B18}.Release|x86.ActiveCfg = Release|Any CPU
		{792AF649-1BB3-4242-8BA3-61F67E357B18}.Release|x86.Build.0 = Release|Any CPU
		{C9D62FA9-7107-466F-BD0D-B0AAA69D975B}.Ad-Hoc|Any CPU.ActiveCfg = Release|Any CPU
		{C9D62FA9-7107-466F-BD0D-B0AAA69D975B}.Ad-Hoc|Any CPU.Build.0 = Release|Any CPU
		{C9D62FA9-7107-466F-BD0D-B0AAA69D975B}.Ad-Hoc|ARM.ActiveCfg = Release Mac|Any CPU
		{C9D62FA9-7107-466F-BD0D-B0AAA69D975B}.Ad-Hoc|ARM.Build.0 = Release Mac|Any CPU
		{C9D62FA9-7107-466F-BD0D-B0AAA69D975B}.Ad-Hoc|iPhone.ActiveCfg = Release|Any CPU
		{C9D62FA9-7107-466F-BD0D-B0AAA69D975B}.Ad-Hoc|iPhone.Build.0 = Release|Any CPU
		{C9D62FA9-7107-466F-BD0D-B0AAA69D975B}.Ad-Hoc|iPhoneSimulator.ActiveCfg = Release|Any CPU
		{C9D62FA9-7107-466F-BD0D-B0AAA69D975B}.Ad-Hoc|iPhoneSimulator.Build.0 = Release|Any CPU
		{C9D62FA9-7107-466F-BD0D-B0AAA69D975B}.Ad-Hoc|x64.ActiveCfg = Release Mac|Any CPU
		{C9D62FA9-7107-466F-BD0D-B0AAA69D975B}.Ad-Hoc|x64.Build.0 = Release Mac|Any CPU
		{C9D62FA9-7107-466F-BD0D-B0AAA69D975B}.Ad-Hoc|x86.ActiveCfg = Release Mac|Any CPU
		{C9D62FA9-7107-466F-BD0D-B0AAA69D975B}.Ad-Hoc|x86.Build.0 = Release Mac|Any CPU
		{C9D62FA9-7107-466F-BD0D-B0AAA69D975B}.AppStore|Any CPU.ActiveCfg = Release|Any CPU
		{C9D62FA9-7107-466F-BD0D-B0AAA69D975B}.AppStore|Any CPU.Build.0 = Release|Any CPU
		{C9D62FA9-7107-466F-BD0D-B0AAA69D975B}.AppStore|ARM.ActiveCfg = Release Mac|Any CPU
		{C9D62FA9-7107-466F-BD0D-B0AAA69D975B}.AppStore|ARM.Build.0 = Release Mac|Any CPU
		{C9D62FA9-7107-466F-BD0D-B0AAA69D975B}.AppStore|iPhone.ActiveCfg = Release|Any CPU
		{C9D62FA9-7107-466F-BD0D-B0AAA69D975B}.AppStore|iPhone.Build.0 = Release|Any CPU
		{C9D62FA9-7107-466F-BD0D-B0AAA69D975B}.AppStore|iPhoneSimulator.ActiveCfg = Release|Any CPU
		{C9D62FA9-7107-466F-BD0D-B0AAA69D975B}.AppStore|iPhoneSimulator.Build.0 = Release|Any CPU
		{C9D62FA9-7107-466F-BD0D-B0AAA69D975B}.AppStore|x64.ActiveCfg = Release Mac|Any CPU
		{C9D62FA9-7107-466F-BD0D-B0AAA69D975B}.AppStore|x64.Build.0 = Release Mac|Any CPU
		{C9D62FA9-7107-466F-BD0D-B0AAA69D975B}.AppStore|x86.ActiveCfg = Release Mac|Any CPU
		{C9D62FA9-7107-466F-BD0D-B0AAA69D975B}.AppStore|x86.Build.0 = Release Mac|Any CPU
		{C9D62FA9-7107-466F-BD0D-B0AAA69D975B}.Debug|Any CPU.ActiveCfg = Debug|Any CPU
		{C9D62FA9-7107-466F-BD0D-B0AAA69D975B}.Debug|Any CPU.Build.0 = Debug|Any CPU
		{C9D62FA9-7107-466F-BD0D-B0AAA69D975B}.Debug|ARM.ActiveCfg = Debug|Any CPU
		{C9D62FA9-7107-466F-BD0D-B0AAA69D975B}.Debug|ARM.Build.0 = Debug|Any CPU
		{C9D62FA9-7107-466F-BD0D-B0AAA69D975B}.Debug|iPhone.ActiveCfg = Debug|Any CPU
		{C9D62FA9-7107-466F-BD0D-B0AAA69D975B}.Debug|iPhone.Build.0 = Debug|Any CPU
		{C9D62FA9-7107-466F-BD0D-B0AAA69D975B}.Debug|iPhoneSimulator.ActiveCfg = Debug|Any CPU
		{C9D62FA9-7107-466F-BD0D-B0AAA69D975B}.Debug|iPhoneSimulator.Build.0 = Debug|Any CPU
		{C9D62FA9-7107-466F-BD0D-B0AAA69D975B}.Debug|x64.ActiveCfg = Debug|Any CPU
		{C9D62FA9-7107-466F-BD0D-B0AAA69D975B}.Debug|x64.Build.0 = Debug|Any CPU
		{C9D62FA9-7107-466F-BD0D-B0AAA69D975B}.Debug|x86.ActiveCfg = Debug|Any CPU
		{C9D62FA9-7107-466F-BD0D-B0AAA69D975B}.Debug|x86.Build.0 = Debug|Any CPU
		{C9D62FA9-7107-466F-BD0D-B0AAA69D975B}.Release|Any CPU.ActiveCfg = Release|Any CPU
		{C9D62FA9-7107-466F-BD0D-B0AAA69D975B}.Release|Any CPU.Build.0 = Release|Any CPU
		{C9D62FA9-7107-466F-BD0D-B0AAA69D975B}.Release|ARM.ActiveCfg = Release|Any CPU
		{C9D62FA9-7107-466F-BD0D-B0AAA69D975B}.Release|ARM.Build.0 = Release|Any CPU
		{C9D62FA9-7107-466F-BD0D-B0AAA69D975B}.Release|iPhone.ActiveCfg = Release|Any CPU
		{C9D62FA9-7107-466F-BD0D-B0AAA69D975B}.Release|iPhone.Build.0 = Release|Any CPU
		{C9D62FA9-7107-466F-BD0D-B0AAA69D975B}.Release|iPhoneSimulator.ActiveCfg = Release|Any CPU
		{C9D62FA9-7107-466F-BD0D-B0AAA69D975B}.Release|iPhoneSimulator.Build.0 = Release|Any CPU
		{C9D62FA9-7107-466F-BD0D-B0AAA69D975B}.Release|x64.ActiveCfg = Release|Any CPU
		{C9D62FA9-7107-466F-BD0D-B0AAA69D975B}.Release|x64.Build.0 = Release|Any CPU
		{C9D62FA9-7107-466F-BD0D-B0AAA69D975B}.Release|x86.ActiveCfg = Release|Any CPU
		{C9D62FA9-7107-466F-BD0D-B0AAA69D975B}.Release|x86.Build.0 = Release|Any CPU
		{4190D8C8-C168-4B6C-B76C-0F4F63E7D5CF}.Ad-Hoc|Any CPU.ActiveCfg = Ad-Hoc|iPhone
		{4190D8C8-C168-4B6C-B76C-0F4F63E7D5CF}.Ad-Hoc|ARM.ActiveCfg = Ad-Hoc|iPhoneSimulator
		{4190D8C8-C168-4B6C-B76C-0F4F63E7D5CF}.Ad-Hoc|iPhone.ActiveCfg = Ad-Hoc|iPhone
		{4190D8C8-C168-4B6C-B76C-0F4F63E7D5CF}.Ad-Hoc|iPhone.Build.0 = Ad-Hoc|iPhone
		{4190D8C8-C168-4B6C-B76C-0F4F63E7D5CF}.Ad-Hoc|iPhoneSimulator.ActiveCfg = Ad-Hoc|iPhoneSimulator
		{4190D8C8-C168-4B6C-B76C-0F4F63E7D5CF}.Ad-Hoc|iPhoneSimulator.Build.0 = Ad-Hoc|iPhoneSimulator
		{4190D8C8-C168-4B6C-B76C-0F4F63E7D5CF}.Ad-Hoc|x64.ActiveCfg = Ad-Hoc|iPhoneSimulator
		{4190D8C8-C168-4B6C-B76C-0F4F63E7D5CF}.Ad-Hoc|x86.ActiveCfg = Ad-Hoc|iPhoneSimulator
		{4190D8C8-C168-4B6C-B76C-0F4F63E7D5CF}.AppStore|Any CPU.ActiveCfg = AppStore|iPhone
		{4190D8C8-C168-4B6C-B76C-0F4F63E7D5CF}.AppStore|ARM.ActiveCfg = AppStore|iPhoneSimulator
		{4190D8C8-C168-4B6C-B76C-0F4F63E7D5CF}.AppStore|iPhone.ActiveCfg = AppStore|iPhone
		{4190D8C8-C168-4B6C-B76C-0F4F63E7D5CF}.AppStore|iPhone.Build.0 = AppStore|iPhone
		{4190D8C8-C168-4B6C-B76C-0F4F63E7D5CF}.AppStore|iPhoneSimulator.ActiveCfg = AppStore|iPhoneSimulator
		{4190D8C8-C168-4B6C-B76C-0F4F63E7D5CF}.AppStore|iPhoneSimulator.Build.0 = AppStore|iPhoneSimulator
		{4190D8C8-C168-4B6C-B76C-0F4F63E7D5CF}.AppStore|x64.ActiveCfg = AppStore|iPhoneSimulator
		{4190D8C8-C168-4B6C-B76C-0F4F63E7D5CF}.AppStore|x86.ActiveCfg = AppStore|iPhoneSimulator
		{4190D8C8-C168-4B6C-B76C-0F4F63E7D5CF}.Debug|Any CPU.ActiveCfg = Debug|iPhone
		{4190D8C8-C168-4B6C-B76C-0F4F63E7D5CF}.Debug|ARM.ActiveCfg = Debug|iPhoneSimulator
		{4190D8C8-C168-4B6C-B76C-0F4F63E7D5CF}.Debug|iPhone.ActiveCfg = Debug|iPhone
		{4190D8C8-C168-4B6C-B76C-0F4F63E7D5CF}.Debug|iPhone.Build.0 = Debug|iPhone
		{4190D8C8-C168-4B6C-B76C-0F4F63E7D5CF}.Debug|iPhoneSimulator.ActiveCfg = Debug|iPhoneSimulator
		{4190D8C8-C168-4B6C-B76C-0F4F63E7D5CF}.Debug|iPhoneSimulator.Build.0 = Debug|iPhoneSimulator
		{4190D8C8-C168-4B6C-B76C-0F4F63E7D5CF}.Debug|x64.ActiveCfg = Debug|iPhoneSimulator
		{4190D8C8-C168-4B6C-B76C-0F4F63E7D5CF}.Debug|x86.ActiveCfg = Debug|iPhoneSimulator
		{4190D8C8-C168-4B6C-B76C-0F4F63E7D5CF}.Release|Any CPU.ActiveCfg = Release|iPhone
		{4190D8C8-C168-4B6C-B76C-0F4F63E7D5CF}.Release|Any CPU.Build.0 = Release|iPhone
		{4190D8C8-C168-4B6C-B76C-0F4F63E7D5CF}.Release|ARM.ActiveCfg = Release|iPhoneSimulator
		{4190D8C8-C168-4B6C-B76C-0F4F63E7D5CF}.Release|iPhone.ActiveCfg = Release|iPhone
		{4190D8C8-C168-4B6C-B76C-0F4F63E7D5CF}.Release|iPhone.Build.0 = Release|iPhone
		{4190D8C8-C168-4B6C-B76C-0F4F63E7D5CF}.Release|iPhoneSimulator.ActiveCfg = Release|iPhoneSimulator
		{4190D8C8-C168-4B6C-B76C-0F4F63E7D5CF}.Release|iPhoneSimulator.Build.0 = Release|iPhoneSimulator
		{4190D8C8-C168-4B6C-B76C-0F4F63E7D5CF}.Release|x64.ActiveCfg = Release|iPhoneSimulator
		{4190D8C8-C168-4B6C-B76C-0F4F63E7D5CF}.Release|x86.ActiveCfg = Release|iPhoneSimulator
		{AE735CB7-9711-4AC1-8527-AB1C6BE63262}.Ad-Hoc|Any CPU.ActiveCfg = Release|Any CPU
		{AE735CB7-9711-4AC1-8527-AB1C6BE63262}.Ad-Hoc|Any CPU.Build.0 = Release|Any CPU
		{AE735CB7-9711-4AC1-8527-AB1C6BE63262}.Ad-Hoc|ARM.ActiveCfg = Debug|Any CPU
		{AE735CB7-9711-4AC1-8527-AB1C6BE63262}.Ad-Hoc|ARM.Build.0 = Debug|Any CPU
		{AE735CB7-9711-4AC1-8527-AB1C6BE63262}.Ad-Hoc|iPhone.ActiveCfg = Release|Any CPU
		{AE735CB7-9711-4AC1-8527-AB1C6BE63262}.Ad-Hoc|iPhone.Build.0 = Release|Any CPU
		{AE735CB7-9711-4AC1-8527-AB1C6BE63262}.Ad-Hoc|iPhoneSimulator.ActiveCfg = Release|Any CPU
		{AE735CB7-9711-4AC1-8527-AB1C6BE63262}.Ad-Hoc|iPhoneSimulator.Build.0 = Release|Any CPU
		{AE735CB7-9711-4AC1-8527-AB1C6BE63262}.Ad-Hoc|x64.ActiveCfg = Debug|Any CPU
		{AE735CB7-9711-4AC1-8527-AB1C6BE63262}.Ad-Hoc|x64.Build.0 = Debug|Any CPU
		{AE735CB7-9711-4AC1-8527-AB1C6BE63262}.Ad-Hoc|x86.ActiveCfg = Debug|Any CPU
		{AE735CB7-9711-4AC1-8527-AB1C6BE63262}.Ad-Hoc|x86.Build.0 = Debug|Any CPU
		{AE735CB7-9711-4AC1-8527-AB1C6BE63262}.AppStore|Any CPU.ActiveCfg = Release|Any CPU
		{AE735CB7-9711-4AC1-8527-AB1C6BE63262}.AppStore|Any CPU.Build.0 = Release|Any CPU
		{AE735CB7-9711-4AC1-8527-AB1C6BE63262}.AppStore|ARM.ActiveCfg = Debug|Any CPU
		{AE735CB7-9711-4AC1-8527-AB1C6BE63262}.AppStore|ARM.Build.0 = Debug|Any CPU
		{AE735CB7-9711-4AC1-8527-AB1C6BE63262}.AppStore|iPhone.ActiveCfg = Release|Any CPU
		{AE735CB7-9711-4AC1-8527-AB1C6BE63262}.AppStore|iPhone.Build.0 = Release|Any CPU
		{AE735CB7-9711-4AC1-8527-AB1C6BE63262}.AppStore|iPhoneSimulator.ActiveCfg = Release|Any CPU
		{AE735CB7-9711-4AC1-8527-AB1C6BE63262}.AppStore|iPhoneSimulator.Build.0 = Release|Any CPU
		{AE735CB7-9711-4AC1-8527-AB1C6BE63262}.AppStore|x64.ActiveCfg = Debug|Any CPU
		{AE735CB7-9711-4AC1-8527-AB1C6BE63262}.AppStore|x64.Build.0 = Debug|Any CPU
		{AE735CB7-9711-4AC1-8527-AB1C6BE63262}.AppStore|x86.ActiveCfg = Debug|Any CPU
		{AE735CB7-9711-4AC1-8527-AB1C6BE63262}.AppStore|x86.Build.0 = Debug|Any CPU
		{AE735CB7-9711-4AC1-8527-AB1C6BE63262}.Debug|Any CPU.ActiveCfg = Debug|Any CPU
		{AE735CB7-9711-4AC1-8527-AB1C6BE63262}.Debug|Any CPU.Build.0 = Debug|Any CPU
		{AE735CB7-9711-4AC1-8527-AB1C6BE63262}.Debug|ARM.ActiveCfg = Debug|Any CPU
		{AE735CB7-9711-4AC1-8527-AB1C6BE63262}.Debug|ARM.Build.0 = Debug|Any CPU
		{AE735CB7-9711-4AC1-8527-AB1C6BE63262}.Debug|iPhone.ActiveCfg = Debug|Any CPU
		{AE735CB7-9711-4AC1-8527-AB1C6BE63262}.Debug|iPhone.Build.0 = Debug|Any CPU
		{AE735CB7-9711-4AC1-8527-AB1C6BE63262}.Debug|iPhoneSimulator.ActiveCfg = Debug|Any CPU
		{AE735CB7-9711-4AC1-8527-AB1C6BE63262}.Debug|iPhoneSimulator.Build.0 = Debug|Any CPU
		{AE735CB7-9711-4AC1-8527-AB1C6BE63262}.Debug|x64.ActiveCfg = Debug|Any CPU
		{AE735CB7-9711-4AC1-8527-AB1C6BE63262}.Debug|x64.Build.0 = Debug|Any CPU
		{AE735CB7-9711-4AC1-8527-AB1C6BE63262}.Debug|x86.ActiveCfg = Debug|Any CPU
		{AE735CB7-9711-4AC1-8527-AB1C6BE63262}.Debug|x86.Build.0 = Debug|Any CPU
		{AE735CB7-9711-4AC1-8527-AB1C6BE63262}.Release|Any CPU.ActiveCfg = Release|Any CPU
		{AE735CB7-9711-4AC1-8527-AB1C6BE63262}.Release|Any CPU.Build.0 = Release|Any CPU
		{AE735CB7-9711-4AC1-8527-AB1C6BE63262}.Release|ARM.ActiveCfg = Release|Any CPU
		{AE735CB7-9711-4AC1-8527-AB1C6BE63262}.Release|ARM.Build.0 = Release|Any CPU
		{AE735CB7-9711-4AC1-8527-AB1C6BE63262}.Release|iPhone.ActiveCfg = Release|Any CPU
		{AE735CB7-9711-4AC1-8527-AB1C6BE63262}.Release|iPhone.Build.0 = Release|Any CPU
		{AE735CB7-9711-4AC1-8527-AB1C6BE63262}.Release|iPhoneSimulator.ActiveCfg = Release|Any CPU
		{AE735CB7-9711-4AC1-8527-AB1C6BE63262}.Release|iPhoneSimulator.Build.0 = Release|Any CPU
		{AE735CB7-9711-4AC1-8527-AB1C6BE63262}.Release|x64.ActiveCfg = Release|Any CPU
		{AE735CB7-9711-4AC1-8527-AB1C6BE63262}.Release|x64.Build.0 = Release|Any CPU
		{AE735CB7-9711-4AC1-8527-AB1C6BE63262}.Release|x86.ActiveCfg = Release|Any CPU
		{AE735CB7-9711-4AC1-8527-AB1C6BE63262}.Release|x86.Build.0 = Release|Any CPU
		{DDE9D8D7-503E-483E-BD58-0284A63779DC}.Ad-Hoc|Any CPU.ActiveCfg = Release|Any CPU
		{DDE9D8D7-503E-483E-BD58-0284A63779DC}.Ad-Hoc|Any CPU.Build.0 = Release|Any CPU
		{DDE9D8D7-503E-483E-BD58-0284A63779DC}.Ad-Hoc|ARM.ActiveCfg = Debug|Any CPU
		{DDE9D8D7-503E-483E-BD58-0284A63779DC}.Ad-Hoc|ARM.Build.0 = Debug|Any CPU
		{DDE9D8D7-503E-483E-BD58-0284A63779DC}.Ad-Hoc|iPhone.ActiveCfg = Release|Any CPU
		{DDE9D8D7-503E-483E-BD58-0284A63779DC}.Ad-Hoc|iPhone.Build.0 = Release|Any CPU
		{DDE9D8D7-503E-483E-BD58-0284A63779DC}.Ad-Hoc|iPhoneSimulator.ActiveCfg = Release|Any CPU
		{DDE9D8D7-503E-483E-BD58-0284A63779DC}.Ad-Hoc|iPhoneSimulator.Build.0 = Release|Any CPU
		{DDE9D8D7-503E-483E-BD58-0284A63779DC}.Ad-Hoc|x64.ActiveCfg = Debug|Any CPU
		{DDE9D8D7-503E-483E-BD58-0284A63779DC}.Ad-Hoc|x64.Build.0 = Debug|Any CPU
		{DDE9D8D7-503E-483E-BD58-0284A63779DC}.Ad-Hoc|x86.ActiveCfg = Debug|Any CPU
		{DDE9D8D7-503E-483E-BD58-0284A63779DC}.Ad-Hoc|x86.Build.0 = Debug|Any CPU
		{DDE9D8D7-503E-483E-BD58-0284A63779DC}.AppStore|Any CPU.ActiveCfg = Release|Any CPU
		{DDE9D8D7-503E-483E-BD58-0284A63779DC}.AppStore|Any CPU.Build.0 = Release|Any CPU
		{DDE9D8D7-503E-483E-BD58-0284A63779DC}.AppStore|ARM.ActiveCfg = Debug|Any CPU
		{DDE9D8D7-503E-483E-BD58-0284A63779DC}.AppStore|ARM.Build.0 = Debug|Any CPU
		{DDE9D8D7-503E-483E-BD58-0284A63779DC}.AppStore|iPhone.ActiveCfg = Release|Any CPU
		{DDE9D8D7-503E-483E-BD58-0284A63779DC}.AppStore|iPhone.Build.0 = Release|Any CPU
		{DDE9D8D7-503E-483E-BD58-0284A63779DC}.AppStore|iPhoneSimulator.ActiveCfg = Release|Any CPU
		{DDE9D8D7-503E-483E-BD58-0284A63779DC}.AppStore|iPhoneSimulator.Build.0 = Release|Any CPU
		{DDE9D8D7-503E-483E-BD58-0284A63779DC}.AppStore|x64.ActiveCfg = Debug|Any CPU
		{DDE9D8D7-503E-483E-BD58-0284A63779DC}.AppStore|x64.Build.0 = Debug|Any CPU
		{DDE9D8D7-503E-483E-BD58-0284A63779DC}.AppStore|x86.ActiveCfg = Debug|Any CPU
		{DDE9D8D7-503E-483E-BD58-0284A63779DC}.AppStore|x86.Build.0 = Debug|Any CPU
		{DDE9D8D7-503E-483E-BD58-0284A63779DC}.Debug|Any CPU.ActiveCfg = Debug|Any CPU
		{DDE9D8D7-503E-483E-BD58-0284A63779DC}.Debug|Any CPU.Build.0 = Debug|Any CPU
		{DDE9D8D7-503E-483E-BD58-0284A63779DC}.Debug|ARM.ActiveCfg = Debug|Any CPU
		{DDE9D8D7-503E-483E-BD58-0284A63779DC}.Debug|ARM.Build.0 = Debug|Any CPU
		{DDE9D8D7-503E-483E-BD58-0284A63779DC}.Debug|iPhone.ActiveCfg = Debug|Any CPU
		{DDE9D8D7-503E-483E-BD58-0284A63779DC}.Debug|iPhone.Build.0 = Debug|Any CPU
		{DDE9D8D7-503E-483E-BD58-0284A63779DC}.Debug|iPhoneSimulator.ActiveCfg = Debug|Any CPU
		{DDE9D8D7-503E-483E-BD58-0284A63779DC}.Debug|iPhoneSimulator.Build.0 = Debug|Any CPU
		{DDE9D8D7-503E-483E-BD58-0284A63779DC}.Debug|x64.ActiveCfg = Debug|Any CPU
		{DDE9D8D7-503E-483E-BD58-0284A63779DC}.Debug|x64.Build.0 = Debug|Any CPU
		{DDE9D8D7-503E-483E-BD58-0284A63779DC}.Debug|x86.ActiveCfg = Debug|Any CPU
		{DDE9D8D7-503E-483E-BD58-0284A63779DC}.Debug|x86.Build.0 = Debug|Any CPU
		{DDE9D8D7-503E-483E-BD58-0284A63779DC}.Release|Any CPU.ActiveCfg = Release|Any CPU
		{DDE9D8D7-503E-483E-BD58-0284A63779DC}.Release|Any CPU.Build.0 = Release|Any CPU
		{DDE9D8D7-503E-483E-BD58-0284A63779DC}.Release|ARM.ActiveCfg = Release|Any CPU
		{DDE9D8D7-503E-483E-BD58-0284A63779DC}.Release|ARM.Build.0 = Release|Any CPU
		{DDE9D8D7-503E-483E-BD58-0284A63779DC}.Release|iPhone.ActiveCfg = Release|Any CPU
		{DDE9D8D7-503E-483E-BD58-0284A63779DC}.Release|iPhone.Build.0 = Release|Any CPU
		{DDE9D8D7-503E-483E-BD58-0284A63779DC}.Release|iPhoneSimulator.ActiveCfg = Release|Any CPU
		{DDE9D8D7-503E-483E-BD58-0284A63779DC}.Release|iPhoneSimulator.Build.0 = Release|Any CPU
		{DDE9D8D7-503E-483E-BD58-0284A63779DC}.Release|x64.ActiveCfg = Release|Any CPU
		{DDE9D8D7-503E-483E-BD58-0284A63779DC}.Release|x64.Build.0 = Release|Any CPU
		{DDE9D8D7-503E-483E-BD58-0284A63779DC}.Release|x86.ActiveCfg = Release|Any CPU
		{DDE9D8D7-503E-483E-BD58-0284A63779DC}.Release|x86.Build.0 = Release|Any CPU
		{856691B7-3B87-4727-97AF-31B35730E93D}.Ad-Hoc|Any CPU.ActiveCfg = Release|x64
		{856691B7-3B87-4727-97AF-31B35730E93D}.Ad-Hoc|Any CPU.Build.0 = Release|x64
		{856691B7-3B87-4727-97AF-31B35730E93D}.Ad-Hoc|Any CPU.Deploy.0 = Release|x64
		{856691B7-3B87-4727-97AF-31B35730E93D}.Ad-Hoc|ARM.ActiveCfg = Release|ARM
		{856691B7-3B87-4727-97AF-31B35730E93D}.Ad-Hoc|ARM.Build.0 = Release|ARM
		{856691B7-3B87-4727-97AF-31B35730E93D}.Ad-Hoc|ARM.Deploy.0 = Release|ARM
		{856691B7-3B87-4727-97AF-31B35730E93D}.Ad-Hoc|iPhone.ActiveCfg = Release|x64
		{856691B7-3B87-4727-97AF-31B35730E93D}.Ad-Hoc|iPhone.Build.0 = Release|x64
		{856691B7-3B87-4727-97AF-31B35730E93D}.Ad-Hoc|iPhone.Deploy.0 = Release|x64
		{856691B7-3B87-4727-97AF-31B35730E93D}.Ad-Hoc|iPhoneSimulator.ActiveCfg = Release|x64
		{856691B7-3B87-4727-97AF-31B35730E93D}.Ad-Hoc|iPhoneSimulator.Build.0 = Release|x64
		{856691B7-3B87-4727-97AF-31B35730E93D}.Ad-Hoc|iPhoneSimulator.Deploy.0 = Release|x64
		{856691B7-3B87-4727-97AF-31B35730E93D}.Ad-Hoc|x64.ActiveCfg = Release|x64
		{856691B7-3B87-4727-97AF-31B35730E93D}.Ad-Hoc|x64.Build.0 = Release|x64
		{856691B7-3B87-4727-97AF-31B35730E93D}.Ad-Hoc|x64.Deploy.0 = Release|x64
		{856691B7-3B87-4727-97AF-31B35730E93D}.Ad-Hoc|x86.ActiveCfg = Release|x86
		{856691B7-3B87-4727-97AF-31B35730E93D}.Ad-Hoc|x86.Build.0 = Release|x86
		{856691B7-3B87-4727-97AF-31B35730E93D}.Ad-Hoc|x86.Deploy.0 = Release|x86
		{856691B7-3B87-4727-97AF-31B35730E93D}.AppStore|Any CPU.ActiveCfg = Release|x64
		{856691B7-3B87-4727-97AF-31B35730E93D}.AppStore|Any CPU.Build.0 = Release|x64
		{856691B7-3B87-4727-97AF-31B35730E93D}.AppStore|Any CPU.Deploy.0 = Release|x64
		{856691B7-3B87-4727-97AF-31B35730E93D}.AppStore|ARM.ActiveCfg = Release|ARM
		{856691B7-3B87-4727-97AF-31B35730E93D}.AppStore|ARM.Build.0 = Release|ARM
		{856691B7-3B87-4727-97AF-31B35730E93D}.AppStore|ARM.Deploy.0 = Release|ARM
		{856691B7-3B87-4727-97AF-31B35730E93D}.AppStore|iPhone.ActiveCfg = Release|x64
		{856691B7-3B87-4727-97AF-31B35730E93D}.AppStore|iPhone.Build.0 = Release|x64
		{856691B7-3B87-4727-97AF-31B35730E93D}.AppStore|iPhone.Deploy.0 = Release|x64
		{856691B7-3B87-4727-97AF-31B35730E93D}.AppStore|iPhoneSimulator.ActiveCfg = Release|x64
		{856691B7-3B87-4727-97AF-31B35730E93D}.AppStore|iPhoneSimulator.Build.0 = Release|x64
		{856691B7-3B87-4727-97AF-31B35730E93D}.AppStore|iPhoneSimulator.Deploy.0 = Release|x64
		{856691B7-3B87-4727-97AF-31B35730E93D}.AppStore|x64.ActiveCfg = Release|x64
		{856691B7-3B87-4727-97AF-31B35730E93D}.AppStore|x64.Build.0 = Release|x64
		{856691B7-3B87-4727-97AF-31B35730E93D}.AppStore|x64.Deploy.0 = Release|x64
		{856691B7-3B87-4727-97AF-31B35730E93D}.AppStore|x86.ActiveCfg = Release|x86
		{856691B7-3B87-4727-97AF-31B35730E93D}.AppStore|x86.Build.0 = Release|x86
		{856691B7-3B87-4727-97AF-31B35730E93D}.AppStore|x86.Deploy.0 = Release|x86
		{856691B7-3B87-4727-97AF-31B35730E93D}.Debug|Any CPU.ActiveCfg = Debug|x86
		{856691B7-3B87-4727-97AF-31B35730E93D}.Debug|Any CPU.Build.0 = Debug|x86
		{856691B7-3B87-4727-97AF-31B35730E93D}.Debug|Any CPU.Deploy.0 = Debug|x86
		{856691B7-3B87-4727-97AF-31B35730E93D}.Debug|ARM.ActiveCfg = Debug|ARM
		{856691B7-3B87-4727-97AF-31B35730E93D}.Debug|ARM.Build.0 = Debug|ARM
		{856691B7-3B87-4727-97AF-31B35730E93D}.Debug|ARM.Deploy.0 = Debug|ARM
		{856691B7-3B87-4727-97AF-31B35730E93D}.Debug|iPhone.ActiveCfg = Debug|x86
		{856691B7-3B87-4727-97AF-31B35730E93D}.Debug|iPhoneSimulator.ActiveCfg = Debug|x86
		{856691B7-3B87-4727-97AF-31B35730E93D}.Debug|x64.ActiveCfg = Debug|x64
		{856691B7-3B87-4727-97AF-31B35730E93D}.Debug|x64.Build.0 = Debug|x64
		{856691B7-3B87-4727-97AF-31B35730E93D}.Debug|x64.Deploy.0 = Debug|x64
		{856691B7-3B87-4727-97AF-31B35730E93D}.Debug|x86.ActiveCfg = Debug|x86
		{856691B7-3B87-4727-97AF-31B35730E93D}.Debug|x86.Build.0 = Debug|x86
		{856691B7-3B87-4727-97AF-31B35730E93D}.Debug|x86.Deploy.0 = Debug|x86
		{856691B7-3B87-4727-97AF-31B35730E93D}.Release|Any CPU.ActiveCfg = Release|x86
		{856691B7-3B87-4727-97AF-31B35730E93D}.Release|ARM.ActiveCfg = Release|ARM
		{856691B7-3B87-4727-97AF-31B35730E93D}.Release|ARM.Build.0 = Release|ARM
		{856691B7-3B87-4727-97AF-31B35730E93D}.Release|ARM.Deploy.0 = Release|ARM
		{856691B7-3B87-4727-97AF-31B35730E93D}.Release|iPhone.ActiveCfg = Release|x86
		{856691B7-3B87-4727-97AF-31B35730E93D}.Release|iPhoneSimulator.ActiveCfg = Release|x86
		{856691B7-3B87-4727-97AF-31B35730E93D}.Release|x64.ActiveCfg = Release|x64
		{856691B7-3B87-4727-97AF-31B35730E93D}.Release|x64.Build.0 = Release|x64
		{856691B7-3B87-4727-97AF-31B35730E93D}.Release|x64.Deploy.0 = Release|x64
		{856691B7-3B87-4727-97AF-31B35730E93D}.Release|x86.ActiveCfg = Release|x86
		{856691B7-3B87-4727-97AF-31B35730E93D}.Release|x86.Build.0 = Release|x86
		{856691B7-3B87-4727-97AF-31B35730E93D}.Release|x86.Deploy.0 = Release|x86
		{75FEADAF-C698-4691-A1B9-48C5F04837FE}.Ad-Hoc|Any CPU.ActiveCfg = Debug|iPhoneSimulator
		{75FEADAF-C698-4691-A1B9-48C5F04837FE}.Ad-Hoc|Any CPU.Build.0 = Debug|iPhoneSimulator
		{75FEADAF-C698-4691-A1B9-48C5F04837FE}.Ad-Hoc|ARM.ActiveCfg = Debug|iPhoneSimulator
		{75FEADAF-C698-4691-A1B9-48C5F04837FE}.Ad-Hoc|ARM.Build.0 = Debug|iPhoneSimulator
		{75FEADAF-C698-4691-A1B9-48C5F04837FE}.Ad-Hoc|iPhone.ActiveCfg = Debug|iPhoneSimulator
		{75FEADAF-C698-4691-A1B9-48C5F04837FE}.Ad-Hoc|iPhone.Build.0 = Debug|iPhoneSimulator
		{75FEADAF-C698-4691-A1B9-48C5F04837FE}.Ad-Hoc|iPhoneSimulator.ActiveCfg = Debug|iPhoneSimulator
		{75FEADAF-C698-4691-A1B9-48C5F04837FE}.Ad-Hoc|iPhoneSimulator.Build.0 = Debug|iPhoneSimulator
		{75FEADAF-C698-4691-A1B9-48C5F04837FE}.Ad-Hoc|x64.ActiveCfg = Debug|iPhoneSimulator
		{75FEADAF-C698-4691-A1B9-48C5F04837FE}.Ad-Hoc|x64.Build.0 = Debug|iPhoneSimulator
		{75FEADAF-C698-4691-A1B9-48C5F04837FE}.Ad-Hoc|x86.ActiveCfg = Debug|iPhoneSimulator
		{75FEADAF-C698-4691-A1B9-48C5F04837FE}.Ad-Hoc|x86.Build.0 = Debug|iPhoneSimulator
		{75FEADAF-C698-4691-A1B9-48C5F04837FE}.AppStore|Any CPU.ActiveCfg = Debug|iPhoneSimulator
		{75FEADAF-C698-4691-A1B9-48C5F04837FE}.AppStore|Any CPU.Build.0 = Debug|iPhoneSimulator
		{75FEADAF-C698-4691-A1B9-48C5F04837FE}.AppStore|ARM.ActiveCfg = Debug|iPhoneSimulator
		{75FEADAF-C698-4691-A1B9-48C5F04837FE}.AppStore|ARM.Build.0 = Debug|iPhoneSimulator
		{75FEADAF-C698-4691-A1B9-48C5F04837FE}.AppStore|iPhone.ActiveCfg = Debug|iPhoneSimulator
		{75FEADAF-C698-4691-A1B9-48C5F04837FE}.AppStore|iPhone.Build.0 = Debug|iPhoneSimulator
		{75FEADAF-C698-4691-A1B9-48C5F04837FE}.AppStore|iPhoneSimulator.ActiveCfg = Debug|iPhoneSimulator
		{75FEADAF-C698-4691-A1B9-48C5F04837FE}.AppStore|iPhoneSimulator.Build.0 = Debug|iPhoneSimulator
		{75FEADAF-C698-4691-A1B9-48C5F04837FE}.AppStore|x64.ActiveCfg = Debug|iPhoneSimulator
		{75FEADAF-C698-4691-A1B9-48C5F04837FE}.AppStore|x64.Build.0 = Debug|iPhoneSimulator
		{75FEADAF-C698-4691-A1B9-48C5F04837FE}.AppStore|x86.ActiveCfg = Debug|iPhoneSimulator
		{75FEADAF-C698-4691-A1B9-48C5F04837FE}.AppStore|x86.Build.0 = Debug|iPhoneSimulator
		{75FEADAF-C698-4691-A1B9-48C5F04837FE}.Debug|Any CPU.ActiveCfg = Debug|iPhoneSimulator
		{75FEADAF-C698-4691-A1B9-48C5F04837FE}.Debug|Any CPU.Build.0 = Debug|iPhoneSimulator
		{75FEADAF-C698-4691-A1B9-48C5F04837FE}.Debug|ARM.ActiveCfg = Debug|iPhoneSimulator
		{75FEADAF-C698-4691-A1B9-48C5F04837FE}.Debug|ARM.Build.0 = Debug|iPhoneSimulator
		{75FEADAF-C698-4691-A1B9-48C5F04837FE}.Debug|iPhone.ActiveCfg = Debug|iPhoneSimulator
		{75FEADAF-C698-4691-A1B9-48C5F04837FE}.Debug|iPhone.Build.0 = Debug|iPhoneSimulator
		{75FEADAF-C698-4691-A1B9-48C5F04837FE}.Debug|iPhoneSimulator.ActiveCfg = Debug|iPhoneSimulator
		{75FEADAF-C698-4691-A1B9-48C5F04837FE}.Debug|iPhoneSimulator.Build.0 = Debug|iPhoneSimulator
		{75FEADAF-C698-4691-A1B9-48C5F04837FE}.Debug|x64.ActiveCfg = Debug|iPhoneSimulator
		{75FEADAF-C698-4691-A1B9-48C5F04837FE}.Debug|x64.Build.0 = Debug|iPhoneSimulator
		{75FEADAF-C698-4691-A1B9-48C5F04837FE}.Debug|x86.ActiveCfg = Debug|iPhoneSimulator
		{75FEADAF-C698-4691-A1B9-48C5F04837FE}.Debug|x86.Build.0 = Debug|iPhoneSimulator
		{75FEADAF-C698-4691-A1B9-48C5F04837FE}.Release|Any CPU.ActiveCfg = Release|iPhoneSimulator
		{75FEADAF-C698-4691-A1B9-48C5F04837FE}.Release|Any CPU.Build.0 = Release|iPhoneSimulator
		{75FEADAF-C698-4691-A1B9-48C5F04837FE}.Release|ARM.ActiveCfg = Release|iPhoneSimulator
		{75FEADAF-C698-4691-A1B9-48C5F04837FE}.Release|ARM.Build.0 = Release|iPhoneSimulator
		{75FEADAF-C698-4691-A1B9-48C5F04837FE}.Release|iPhone.ActiveCfg = Release|iPhoneSimulator
		{75FEADAF-C698-4691-A1B9-48C5F04837FE}.Release|iPhone.Build.0 = Release|iPhoneSimulator
		{75FEADAF-C698-4691-A1B9-48C5F04837FE}.Release|iPhoneSimulator.ActiveCfg = Release|iPhoneSimulator
		{75FEADAF-C698-4691-A1B9-48C5F04837FE}.Release|iPhoneSimulator.Build.0 = Release|iPhoneSimulator
		{75FEADAF-C698-4691-A1B9-48C5F04837FE}.Release|x64.ActiveCfg = Release|iPhoneSimulator
		{75FEADAF-C698-4691-A1B9-48C5F04837FE}.Release|x64.Build.0 = Release|iPhoneSimulator
		{75FEADAF-C698-4691-A1B9-48C5F04837FE}.Release|x86.ActiveCfg = Release|iPhoneSimulator
		{75FEADAF-C698-4691-A1B9-48C5F04837FE}.Release|x86.Build.0 = Release|iPhoneSimulator
	EndGlobalSection
	GlobalSection(SolutionProperties) = preSolution
		HideSolutionNode = FALSE
	EndGlobalSection
	GlobalSection(ExtensibilityGlobals) = postSolution
		SolutionGuid = {0951AD10-F53B-4540-8365-7D0318F289A3}
	EndGlobalSection
EndGlobal
