
Microsoft Visual Studio Solution File, Format Version 12.00
# Visual Studio 14
VisualStudioVersion = 14.0.23107.0
MinimumVisualStudioVersion = 10.0.40219.1
Project("{FAE04EC0-301F-11D3-BF4B-00C04F79EFBC}") = "SamplyGame", "Core\SamplyGame.csproj", "{7C4B3936-72F4-49E0-B5A7-E1284863C8C4}"
EndProject
Project("{FAE04EC0-301F-11D3-BF4B-00C04F79EFBC}") = "SamplyGame.Droid", "Droid\SamplyGame.Droid.csproj", "{80290692-9757-4755-AA3D-ABF785ED4D58}"
EndProject
Project("{FAE04EC0-301F-11D3-BF4B-00C04F79EFBC}") = "SamplyGame.iOS", "iOS\SamplyGame.iOS.csproj", "{3A72E714-15CE-4706-BA99-E389FB7C9B2C}"
EndProject
Project("{FAE04EC0-301F-11D3-BF4B-00C04F79EFBC}") = "SamplyGame.Desktop", "Desktop\SamplyGame.Desktop.csproj", "{6CED9E4F-1CED-41B9-A8C4-DE4C0F23636F}"
EndProject
Global
	GlobalSection(SolutionConfigurationPlatforms) = preSolution
		Ad-Hoc|Any CPU = Ad-Hoc|Any CPU
		Ad-Hoc|iPhone = Ad-Hoc|iPhone
		Ad-Hoc|iPhoneSimulator = Ad-Hoc|iPhoneSimulator
		AppStore|Any CPU = AppStore|Any CPU
		AppStore|iPhone = AppStore|iPhone
		AppStore|iPhoneSimulator = AppStore|iPhoneSimulator
		Debug|Any CPU = Debug|Any CPU
		Debug|iPhone = Debug|iPhone
		Debug|iPhoneSimulator = Debug|iPhoneSimulator
		Release|Any CPU = Release|Any CPU
		Release|iPhone = Release|iPhone
		Release|iPhoneSimulator = Release|iPhoneSimulator
	EndGlobalSection
	GlobalSection(ProjectConfigurationPlatforms) = postSolution
		{7C4B3936-72F4-49E0-B5A7-E1284863C8C4}.Ad-Hoc|Any CPU.ActiveCfg = Release|Any CPU
		{7C4B3936-72F4-49E0-B5A7-E1284863C8C4}.Ad-Hoc|Any CPU.Build.0 = Release|Any CPU
		{7C4B3936-72F4-49E0-B5A7-E1284863C8C4}.Ad-Hoc|iPhone.ActiveCfg = Release|Any CPU
		{7C4B3936-72F4-49E0-B5A7-E1284863C8C4}.Ad-Hoc|iPhone.Build.0 = Release|Any CPU
		{7C4B3936-72F4-49E0-B5A7-E1284863C8C4}.Ad-Hoc|iPhoneSimulator.ActiveCfg = Release|Any CPU
		{7C4B3936-72F4-49E0-B5A7-E1284863C8C4}.Ad-Hoc|iPhoneSimulator.Build.0 = Release|Any CPU
		{7C4B3936-72F4-49E0-B5A7-E1284863C8C4}.AppStore|Any CPU.ActiveCfg = Release|Any CPU
		{7C4B3936-72F4-49E0-B5A7-E1284863C8C4}.AppStore|Any CPU.Build.0 = Release|Any CPU
		{7C4B3936-72F4-49E0-B5A7-E1284863C8C4}.AppStore|iPhone.ActiveCfg = Release|Any CPU
		{7C4B3936-72F4-49E0-B5A7-E1284863C8C4}.AppStore|iPhone.Build.0 = Release|Any CPU
		{7C4B3936-72F4-49E0-B5A7-E1284863C8C4}.AppStore|iPhoneSimulator.ActiveCfg = Release|Any CPU
		{7C4B3936-72F4-49E0-B5A7-E1284863C8C4}.AppStore|iPhoneSimulator.Build.0 = Release|Any CPU
		{7C4B3936-72F4-49E0-B5A7-E1284863C8C4}.Debug|Any CPU.ActiveCfg = Debug|Any CPU
		{7C4B3936-72F4-49E0-B5A7-E1284863C8C4}.Debug|Any CPU.Build.0 = Debug|Any CPU
		{7C4B3936-72F4-49E0-B5A7-E1284863C8C4}.Debug|iPhone.ActiveCfg = Debug|Any CPU
		{7C4B3936-72F4-49E0-B5A7-E1284863C8C4}.Debug|iPhone.Build.0 = Debug|Any CPU
		{7C4B3936-72F4-49E0-B5A7-E1284863C8C4}.Debug|iPhoneSimulator.ActiveCfg = Debug|Any CPU
		{7C4B3936-72F4-49E0-B5A7-E1284863C8C4}.Debug|iPhoneSimulator.Build.0 = Debug|Any CPU
		{7C4B3936-72F4-49E0-B5A7-E1284863C8C4}.Release|Any CPU.ActiveCfg = Release|Any CPU
		{7C4B3936-72F4-49E0-B5A7-E1284863C8C4}.Release|Any CPU.Build.0 = Release|Any CPU
		{7C4B3936-72F4-49E0-B5A7-E1284863C8C4}.Release|iPhone.ActiveCfg = Release|Any CPU
		{7C4B3936-72F4-49E0-B5A7-E1284863C8C4}.Release|iPhone.Build.0 = Release|Any CPU
		{7C4B3936-72F4-49E0-B5A7-E1284863C8C4}.Release|iPhoneSimulator.ActiveCfg = Release|Any CPU
		{7C4B3936-72F4-49E0-B5A7-E1284863C8C4}.Release|iPhoneSimulator.Build.0 = Release|Any CPU
		{80290692-9757-4755-AA3D-ABF785ED4D58}.Ad-Hoc|Any CPU.ActiveCfg = Release|Any CPU
		{80290692-9757-4755-AA3D-ABF785ED4D58}.Ad-Hoc|Any CPU.Build.0 = Release|Any CPU
		{80290692-9757-4755-AA3D-ABF785ED4D58}.Ad-Hoc|Any CPU.Deploy.0 = Release|Any CPU
		{80290692-9757-4755-AA3D-ABF785ED4D58}.Ad-Hoc|iPhone.ActiveCfg = Release|Any CPU
		{80290692-9757-4755-AA3D-ABF785ED4D58}.Ad-Hoc|iPhone.Build.0 = Release|Any CPU
		{80290692-9757-4755-AA3D-ABF785ED4D58}.Ad-Hoc|iPhone.Deploy.0 = Release|Any CPU
		{80290692-9757-4755-AA3D-ABF785ED4D58}.Ad-Hoc|iPhoneSimulator.ActiveCfg = Release|Any CPU
		{80290692-9757-4755-AA3D-ABF785ED4D58}.Ad-Hoc|iPhoneSimulator.Build.0 = Release|Any CPU
		{80290692-9757-4755-AA3D-ABF785ED4D58}.Ad-Hoc|iPhoneSimulator.Deploy.0 = Release|Any CPU
		{80290692-9757-4755-AA3D-ABF785ED4D58}.AppStore|Any CPU.ActiveCfg = Release|Any CPU
		{80290692-9757-4755-AA3D-ABF785ED4D58}.AppStore|Any CPU.Build.0 = Release|Any CPU
		{80290692-9757-4755-AA3D-ABF785ED4D58}.AppStore|Any CPU.Deploy.0 = Release|Any CPU
		{80290692-9757-4755-AA3D-ABF785ED4D58}.AppStore|iPhone.ActiveCfg = Release|Any CPU
		{80290692-9757-4755-AA3D-ABF785ED4D58}.AppStore|iPhone.Build.0 = Release|Any CPU
		{80290692-9757-4755-AA3D-ABF785ED4D58}.AppStore|iPhone.Deploy.0 = Release|Any CPU
		{80290692-9757-4755-AA3D-ABF785ED4D58}.AppStore|iPhoneSimulator.ActiveCfg = Release|Any CPU
		{80290692-9757-4755-AA3D-ABF785ED4D58}.AppStore|iPhoneSimulator.Build.0 = Release|Any CPU
		{80290692-9757-4755-AA3D-ABF785ED4D58}.AppStore|iPhoneSimulator.Deploy.0 = Release|Any CPU
		{80290692-9757-4755-AA3D-ABF785ED4D58}.Debug|Any CPU.ActiveCfg = Debug|Any CPU
		{80290692-9757-4755-AA3D-ABF785ED4D58}.Debug|Any CPU.Build.0 = Debug|Any CPU
		{80290692-9757-4755-AA3D-ABF785ED4D58}.Debug|Any CPU.Deploy.0 = Debug|Any CPU
		{80290692-9757-4755-AA3D-ABF785ED4D58}.Debug|iPhone.ActiveCfg = Debug|Any CPU
		{80290692-9757-4755-AA3D-ABF785ED4D58}.Debug|iPhone.Build.0 = Debug|Any CPU
		{80290692-9757-4755-AA3D-ABF785ED4D58}.Debug|iPhone.Deploy.0 = Debug|Any CPU
		{80290692-9757-4755-AA3D-ABF785ED4D58}.Debug|iPhoneSimulator.ActiveCfg = Debug|Any CPU
		{80290692-9757-4755-AA3D-ABF785ED4D58}.Debug|iPhoneSimulator.Build.0 = Debug|Any CPU
		{80290692-9757-4755-AA3D-ABF785ED4D58}.Debug|iPhoneSimulator.Deploy.0 = Debug|Any CPU
		{80290692-9757-4755-AA3D-ABF785ED4D58}.Release|Any CPU.ActiveCfg = Release|Any CPU
		{80290692-9757-4755-AA3D-ABF785ED4D58}.Release|Any CPU.Build.0 = Release|Any CPU
		{80290692-9757-4755-AA3D-ABF785ED4D58}.Release|Any CPU.Deploy.0 = Release|Any CPU
		{80290692-9757-4755-AA3D-ABF785ED4D58}.Release|iPhone.ActiveCfg = Release|Any CPU
		{80290692-9757-4755-AA3D-ABF785ED4D58}.Release|iPhone.Build.0 = Release|Any CPU
		{80290692-9757-4755-AA3D-ABF785ED4D58}.Release|iPhone.Deploy.0 = Release|Any CPU
		{80290692-9757-4755-AA3D-ABF785ED4D58}.Release|iPhoneSimulator.ActiveCfg = Release|Any CPU
		{80290692-9757-4755-AA3D-ABF785ED4D58}.Release|iPhoneSimulator.Build.0 = Release|Any CPU
		{80290692-9757-4755-AA3D-ABF785ED4D58}.Release|iPhoneSimulator.Deploy.0 = Release|Any CPU
		{3A72E714-15CE-4706-BA99-E389FB7C9B2C}.Ad-Hoc|Any CPU.ActiveCfg = Ad-Hoc|iPhone
		{3A72E714-15CE-4706-BA99-E389FB7C9B2C}.Ad-Hoc|iPhone.ActiveCfg = Ad-Hoc|iPhone
		{3A72E714-15CE-4706-BA99-E389FB7C9B2C}.Ad-Hoc|iPhone.Build.0 = Ad-Hoc|iPhone
		{3A72E714-15CE-4706-BA99-E389FB7C9B2C}.Ad-Hoc|iPhoneSimulator.ActiveCfg = Ad-Hoc|iPhoneSimulator
		{3A72E714-15CE-4706-BA99-E389FB7C9B2C}.Ad-Hoc|iPhoneSimulator.Build.0 = Ad-Hoc|iPhoneSimulator
		{3A72E714-15CE-4706-BA99-E389FB7C9B2C}.AppStore|Any CPU.ActiveCfg = AppStore|iPhone
		{3A72E714-15CE-4706-BA99-E389FB7C9B2C}.AppStore|iPhone.ActiveCfg = AppStore|iPhone
		{3A72E714-15CE-4706-BA99-E389FB7C9B2C}.AppStore|iPhone.Build.0 = AppStore|iPhone
		{3A72E714-15CE-4706-BA99-E389FB7C9B2C}.AppStore|iPhoneSimulator.ActiveCfg = AppStore|iPhoneSimulator
		{3A72E714-15CE-4706-BA99-E389FB7C9B2C}.AppStore|iPhoneSimulator.Build.0 = AppStore|iPhoneSimulator
		{3A72E714-15CE-4706-BA99-E389FB7C9B2C}.Debug|Any CPU.ActiveCfg = Debug|iPhone
		{3A72E714-15CE-4706-BA99-E389FB7C9B2C}.Debug|iPhone.ActiveCfg = Debug|iPhone
		{3A72E714-15CE-4706-BA99-E389FB7C9B2C}.Debug|iPhone.Build.0 = Debug|iPhone
		{3A72E714-15CE-4706-BA99-E389FB7C9B2C}.Debug|iPhoneSimulator.ActiveCfg = Debug|iPhoneSimulator
		{3A72E714-15CE-4706-BA99-E389FB7C9B2C}.Debug|iPhoneSimulator.Build.0 = Debug|iPhoneSimulator
		{3A72E714-15CE-4706-BA99-E389FB7C9B2C}.Release|Any CPU.ActiveCfg = Release|iPhone
		{3A72E714-15CE-4706-BA99-E389FB7C9B2C}.Release|iPhone.ActiveCfg = Release|iPhone
		{3A72E714-15CE-4706-BA99-E389FB7C9B2C}.Release|iPhone.Build.0 = Release|iPhone
		{3A72E714-15CE-4706-BA99-E389FB7C9B2C}.Release|iPhoneSimulator.ActiveCfg = Release|iPhoneSimulator
		{3A72E714-15CE-4706-BA99-E389FB7C9B2C}.Release|iPhoneSimulator.Build.0 = Release|iPhoneSimulator
		{6CED9E4F-1CED-41B9-A8C4-DE4C0F23636F}.Ad-Hoc|Any CPU.ActiveCfg = Release|Any CPU
		{6CED9E4F-1CED-41B9-A8C4-DE4C0F23636F}.Ad-Hoc|Any CPU.Build.0 = Release|Any CPU
		{6CED9E4F-1CED-41B9-A8C4-DE4C0F23636F}.Ad-Hoc|iPhone.ActiveCfg = Release|Any CPU
		{6CED9E4F-1CED-41B9-A8C4-DE4C0F23636F}.Ad-Hoc|iPhone.Build.0 = Release|Any CPU
		{6CED9E4F-1CED-41B9-A8C4-DE4C0F23636F}.Ad-Hoc|iPhoneSimulator.ActiveCfg = Release|Any CPU
		{6CED9E4F-1CED-41B9-A8C4-DE4C0F23636F}.Ad-Hoc|iPhoneSimulator.Build.0 = Release|Any CPU
		{6CED9E4F-1CED-41B9-A8C4-DE4C0F23636F}.AppStore|Any CPU.ActiveCfg = Release|Any CPU
		{6CED9E4F-1CED-41B9-A8C4-DE4C0F23636F}.AppStore|Any CPU.Build.0 = Release|Any CPU
		{6CED9E4F-1CED-41B9-A8C4-DE4C0F23636F}.AppStore|iPhone.ActiveCfg = Release|Any CPU
		{6CED9E4F-1CED-41B9-A8C4-DE4C0F23636F}.AppStore|iPhone.Build.0 = Release|Any CPU
		{6CED9E4F-1CED-41B9-A8C4-DE4C0F23636F}.AppStore|iPhoneSimulator.ActiveCfg = Release|Any CPU
		{6CED9E4F-1CED-41B9-A8C4-DE4C0F23636F}.AppStore|iPhoneSimulator.Build.0 = Release|Any CPU
		{6CED9E4F-1CED-41B9-A8C4-DE4C0F23636F}.Debug|Any CPU.ActiveCfg = Debug|Any CPU
		{6CED9E4F-1CED-41B9-A8C4-DE4C0F23636F}.Debug|Any CPU.Build.0 = Debug|Any CPU
		{6CED9E4F-1CED-41B9-A8C4-DE4C0F23636F}.Debug|iPhone.ActiveCfg = Debug|Any CPU
		{6CED9E4F-1CED-41B9-A8C4-DE4C0F23636F}.Debug|iPhone.Build.0 = Debug|Any CPU
		{6CED9E4F-1CED-41B9-A8C4-DE4C0F23636F}.Debug|iPhoneSimulator.ActiveCfg = Debug|Any CPU
		{6CED9E4F-1CED-41B9-A8C4-DE4C0F23636F}.Debug|iPhoneSimulator.Build.0 = Debug|Any CPU
		{6CED9E4F-1CED-41B9-A8C4-DE4C0F23636F}.Release|Any CPU.ActiveCfg = Release|Any CPU
		{6CED9E4F-1CED-41B9-A8C4-DE4C0F23636F}.Release|Any CPU.Build.0 = Release|Any CPU
		{6CED9E4F-1CED-41B9-A8C4-DE4C0F23636F}.Release|iPhone.ActiveCfg = Release|Any CPU
		{6CED9E4F-1CED-41B9-A8C4-DE4C0F23636F}.Release|iPhone.Build.0 = Release|Any CPU
		{6CED9E4F-1CED-41B9-A8C4-DE4C0F23636F}.Release|iPhoneSimulator.ActiveCfg = Release|Any CPU
		{6CED9E4F-1CED-41B9-A8C4-DE4C0F23636F}.Release|iPhoneSimulator.Build.0 = Release|Any CPU
	EndGlobalSection
	GlobalSection(SolutionProperties) = preSolution
		HideSolutionNode = FALSE
	EndGlobalSection
EndGlobal
