
Microsoft Visual Studio Solution File, Format Version 12.00
# Visual Studio 15
VisualStudioVersion = 15.0.27130.2024
MinimumVisualStudioVersion = 10.0.40219.1
Project("{FAE04EC0-301F-11D3-BF4B-00C04F79EFBC}") = "FormsSample.Droid", "FormsSample.Droid\FormsSample.Droid.csproj", "{15ECC67E-952E-4A82-BB80-50A16B4CD214}"
EndProject
Project("{FAE04EC0-301F-11D3-BF4B-00C04F79EFBC}") = "FormsSample.iOS", "FormsSample.iOS\FormsSample.iOS.csproj", "{0E081AC0-969F-4724-A9FD-B76C2E8A55E8}"
EndProject
Project("{FAE04EC0-301F-11D3-BF4B-00C04F79EFBC}") = "FormsSample", "FormsSample\FormsSample.csproj", "{8DD49470-0958-42D9-841F-F15589DC9F99}"
EndProject
Project("{FAE04EC0-301F-11D3-BF4B-00C04F79EFBC}") = "FormsSample.UWP", "FormsSample.UWP\FormsSample.UWP.csproj", "{4386F5A7-4EE6-440D-AF67-68601FC6C599}"
EndProject
Global
	GlobalSection(SolutionConfigurationPlatforms) = preSolution
		Ad-Hoc|Any CPU = Ad-Hoc|Any CPU
		Ad-Hoc|ARM = Ad-Hoc|ARM
		Ad-Hoc|iPhone = Ad-Hoc|iPhone
		Ad-Hoc|iPhoneSimulator = Ad-Hoc|iPhoneSimulator
		Ad-Hoc|x64 = Ad-Hoc|x64
		Ad-Hoc|x86 = Ad-Hoc|x86
		AppStore|Any CPU = AppStore|Any CPU
		AppStore|ARM = AppStore|ARM
		AppStore|iPhone = AppStore|iPhone
		AppStore|iPhoneSimulator = AppStore|iPhoneSimulator
		AppStore|x64 = AppStore|x64
		AppStore|x86 = AppStore|x86
		Debug|Any CPU = Debug|Any CPU
		Debug|ARM = Debug|ARM
		Debug|iPhone = Debug|iPhone
		Debug|iPhoneSimulator = Debug|iPhoneSimulator
		Debug|x64 = Debug|x64
		Debug|x86 = Debug|x86
		Release|Any CPU = Release|Any CPU
		Release|ARM = Release|ARM
		Release|iPhone = Release|iPhone
		Release|iPhoneSimulator = Release|iPhoneSimulator
		Release|x64 = Release|x64
		Release|x86 = Release|x86
	EndGlobalSection
	GlobalSection(ProjectConfigurationPlatforms) = postSolution
		{15ECC67E-952E-4A82-BB80-50A16B4CD214}.Ad-Hoc|Any CPU.ActiveCfg = Release|Any CPU
		{15ECC67E-952E-4A82-BB80-50A16B4CD214}.Ad-Hoc|Any CPU.Build.0 = Release|Any CPU
		{15ECC67E-952E-4A82-BB80-50A16B4CD214}.Ad-Hoc|Any CPU.Deploy.0 = Release|Any CPU
		{15ECC67E-952E-4A82-BB80-50A16B4CD214}.Ad-Hoc|ARM.ActiveCfg = Debug|Any CPU
		{15ECC67E-952E-4A82-BB80-50A16B4CD214}.Ad-Hoc|ARM.Build.0 = Debug|Any CPU
		{15ECC67E-952E-4A82-BB80-50A16B4CD214}.Ad-Hoc|ARM.Deploy.0 = Debug|Any CPU
		{15ECC67E-952E-4A82-BB80-50A16B4CD214}.Ad-Hoc|iPhone.ActiveCfg = Release|Any CPU
		{15ECC67E-952E-4A82-BB80-50A16B4CD214}.Ad-Hoc|iPhone.Build.0 = Release|Any CPU
		{15ECC67E-952E-4A82-BB80-50A16B4CD214}.Ad-Hoc|iPhone.Deploy.0 = Release|Any CPU
		{15ECC67E-952E-4A82-BB80-50A16B4CD214}.Ad-Hoc|iPhoneSimulator.ActiveCfg = Release|Any CPU
		{15ECC67E-952E-4A82-BB80-50A16B4CD214}.Ad-Hoc|iPhoneSimulator.Build.0 = Release|Any CPU
		{15ECC67E-952E-4A82-BB80-50A16B4CD214}.Ad-Hoc|iPhoneSimulator.Deploy.0 = Release|Any CPU
		{15ECC67E-952E-4A82-BB80-50A16B4CD214}.Ad-Hoc|x64.ActiveCfg = Debug|Any CPU
		{15ECC67E-952E-4A82-BB80-50A16B4CD214}.Ad-Hoc|x64.Build.0 = Debug|Any CPU
		{15ECC67E-952E-4A82-BB80-50A16B4CD214}.Ad-Hoc|x64.Deploy.0 = Debug|Any CPU
		{15ECC67E-952E-4A82-BB80-50A16B4CD214}.Ad-Hoc|x86.ActiveCfg = Debug|Any CPU
		{15ECC67E-952E-4A82-BB80-50A16B4CD214}.Ad-Hoc|x86.Build.0 = Debug|Any CPU
		{15ECC67E-952E-4A82-BB80-50A16B4CD214}.Ad-Hoc|x86.Deploy.0 = Debug|Any CPU
		{15ECC67E-952E-4A82-BB80-50A16B4CD214}.AppStore|Any CPU.ActiveCfg = Release|Any CPU
		{15ECC67E-952E-4A82-BB80-50A16B4CD214}.AppStore|Any CPU.Build.0 = Release|Any CPU
		{15ECC67E-952E-4A82-BB80-50A16B4CD214}.AppStore|Any CPU.Deploy.0 = Release|Any CPU
		{15ECC67E-952E-4A82-BB80-50A16B4CD214}.AppStore|ARM.ActiveCfg = Debug|Any CPU
		{15ECC67E-952E-4A82-BB80-50A16B4CD214}.AppStore|ARM.Build.0 = Debug|Any CPU
		{15ECC67E-952E-4A82-BB80-50A16B4CD214}.AppStore|ARM.Deploy.0 = Debug|Any CPU
		{15ECC67E-952E-4A82-BB80-50A16B4CD214}.AppStore|iPhone.ActiveCfg = Release|Any CPU
		{15ECC67E-952E-4A82-BB80-50A16B4CD214}.AppStore|iPhone.Build.0 = Release|Any CPU
		{15ECC67E-952E-4A82-BB80-50A16B4CD214}.AppStore|iPhone.Deploy.0 = Release|Any CPU
		{15ECC67E-952E-4A82-BB80-50A16B4CD214}.AppStore|iPhoneSimulator.ActiveCfg = Release|Any CPU
		{15ECC67E-952E-4A82-BB80-50A16B4CD214}.AppStore|iPhoneSimulator.Build.0 = Release|Any CPU
		{15ECC67E-952E-4A82-BB80-50A16B4CD214}.AppStore|iPhoneSimulator.Deploy.0 = Release|Any CPU
		{15ECC67E-952E-4A82-BB80-50A16B4CD214}.AppStore|x64.ActiveCfg = Debug|Any CPU
		{15ECC67E-952E-4A82-BB80-50A16B4CD214}.AppStore|x64.Build.0 = Debug|Any CPU
		{15ECC67E-952E-4A82-BB80-50A16B4CD214}.AppStore|x64.Deploy.0 = Debug|Any CPU
		{15ECC67E-952E-4A82-BB80-50A16B4CD214}.AppStore|x86.ActiveCfg = Debug|Any CPU
		{15ECC67E-952E-4A82-BB80-50A16B4CD214}.AppStore|x86.Build.0 = Debug|Any CPU
		{15ECC67E-952E-4A82-BB80-50A16B4CD214}.AppStore|x86.Deploy.0 = Debug|Any CPU
		{15ECC67E-952E-4A82-BB80-50A16B4CD214}.Debug|Any CPU.ActiveCfg = Debug|Any CPU
		{15ECC67E-952E-4A82-BB80-50A16B4CD214}.Debug|Any CPU.Build.0 = Debug|Any CPU
		{15ECC67E-952E-4A82-BB80-50A16B4CD214}.Debug|Any CPU.Deploy.0 = Debug|Any CPU
		{15ECC67E-952E-4A82-BB80-50A16B4CD214}.Debug|ARM.ActiveCfg = Debug|Any CPU
		{15ECC67E-952E-4A82-BB80-50A16B4CD214}.Debug|ARM.Build.0 = Debug|Any CPU
		{15ECC67E-952E-4A82-BB80-50A16B4CD214}.Debug|ARM.Deploy.0 = Debug|Any CPU
		{15ECC67E-952E-4A82-BB80-50A16B4CD214}.Debug|iPhone.ActiveCfg = Debug|Any CPU
		{15ECC67E-952E-4A82-BB80-50A16B4CD214}.Debug|iPhone.Build.0 = Debug|Any CPU
		{15ECC67E-952E-4A82-BB80-50A16B4CD214}.Debug|iPhone.Deploy.0 = Debug|Any CPU
		{15ECC67E-952E-4A82-BB80-50A16B4CD214}.Debug|iPhoneSimulator.ActiveCfg = Debug|Any CPU
		{15ECC67E-952E-4A82-BB80-50A16B4CD214}.Debug|iPhoneSimulator.Build.0 = Debug|Any CPU
		{15ECC67E-952E-4A82-BB80-50A16B4CD214}.Debug|iPhoneSimulator.Deploy.0 = Debug|Any CPU
		{15ECC67E-952E-4A82-BB80-50A16B4CD214}.Debug|x64.ActiveCfg = Debug|Any CPU
		{15ECC67E-952E-4A82-BB80-50A16B4CD214}.Debug|x64.Build.0 = Debug|Any CPU
		{15ECC67E-952E-4A82-BB80-50A16B4CD214}.Debug|x64.Deploy.0 = Debug|Any CPU
		{15ECC67E-952E-4A82-BB80-50A16B4CD214}.Debug|x86.ActiveCfg = Debug|Any CPU
		{15ECC67E-952E-4A82-BB80-50A16B4CD214}.Debug|x86.Build.0 = Debug|Any CPU
		{15ECC67E-952E-4A82-BB80-50A16B4CD214}.Debug|x86.Deploy.0 = Debug|Any CPU
		{15ECC67E-952E-4A82-BB80-50A16B4CD214}.Release|Any CPU.ActiveCfg = Release|Any CPU
		{15ECC67E-952E-4A82-BB80-50A16B4CD214}.Release|Any CPU.Build.0 = Release|Any CPU
		{15ECC67E-952E-4A82-BB80-50A16B4CD214}.Release|Any CPU.Deploy.0 = Release|Any CPU
		{15ECC67E-952E-4A82-BB80-50A16B4CD214}.Release|ARM.ActiveCfg = Release|Any CPU
		{15ECC67E-952E-4A82-BB80-50A16B4CD214}.Release|ARM.Build.0 = Release|Any CPU
		{15ECC67E-952E-4A82-BB80-50A16B4CD214}.Release|ARM.Deploy.0 = Release|Any CPU
		{15ECC67E-952E-4A82-BB80-50A16B4CD214}.Release|iPhone.ActiveCfg = Release|Any CPU
		{15ECC67E-952E-4A82-BB80-50A16B4CD214}.Release|iPhone.Build.0 = Release|Any CPU
		{15ECC67E-952E-4A82-BB80-50A16B4CD214}.Release|iPhone.Deploy.0 = Release|Any CPU
		{15ECC67E-952E-4A82-BB80-50A16B4CD214}.Release|iPhoneSimulator.ActiveCfg = Release|Any CPU
		{15ECC67E-952E-4A82-BB80-50A16B4CD214}.Release|iPhoneSimulator.Build.0 = Release|Any CPU
		{15ECC67E-952E-4A82-BB80-50A16B4CD214}.Release|iPhoneSimulator.Deploy.0 = Release|Any CPU
		{15ECC67E-952E-4A82-BB80-50A16B4CD214}.Release|x64.ActiveCfg = Release|Any CPU
		{15ECC67E-952E-4A82-BB80-50A16B4CD214}.Release|x64.Build.0 = Release|Any CPU
		{15ECC67E-952E-4A82-BB80-50A16B4CD214}.Release|x64.Deploy.0 = Release|Any CPU
		{15ECC67E-952E-4A82-BB80-50A16B4CD214}.Release|x86.ActiveCfg = Release|Any CPU
		{15ECC67E-952E-4A82-BB80-50A16B4CD214}.Release|x86.Build.0 = Release|Any CPU
		{15ECC67E-952E-4A82-BB80-50A16B4CD214}.Release|x86.Deploy.0 = Release|Any CPU
		{0E081AC0-969F-4724-A9FD-B76C2E8A55E8}.Ad-Hoc|Any CPU.ActiveCfg = Ad-Hoc|iPhone
		{0E081AC0-969F-4724-A9FD-B76C2E8A55E8}.Ad-Hoc|ARM.ActiveCfg = Ad-Hoc|iPhoneSimulator
		{0E081AC0-969F-4724-A9FD-B76C2E8A55E8}.Ad-Hoc|iPhone.ActiveCfg = Ad-Hoc|iPhone
		{0E081AC0-969F-4724-A9FD-B76C2E8A55E8}.Ad-Hoc|iPhone.Build.0 = Ad-Hoc|iPhone
		{0E081AC0-969F-4724-A9FD-B76C2E8A55E8}.Ad-Hoc|iPhoneSimulator.ActiveCfg = Ad-Hoc|iPhoneSimulator
		{0E081AC0-969F-4724-A9FD-B76C2E8A55E8}.Ad-Hoc|iPhoneSimulator.Build.0 = Ad-Hoc|iPhoneSimulator
		{0E081AC0-969F-4724-A9FD-B76C2E8A55E8}.Ad-Hoc|x64.ActiveCfg = Ad-Hoc|iPhoneSimulator
		{0E081AC0-969F-4724-A9FD-B76C2E8A55E8}.Ad-Hoc|x86.ActiveCfg = Ad-Hoc|iPhoneSimulator
		{0E081AC0-969F-4724-A9FD-B76C2E8A55E8}.AppStore|Any CPU.ActiveCfg = AppStore|iPhone
		{0E081AC0-969F-4724-A9FD-B76C2E8A55E8}.AppStore|ARM.ActiveCfg = AppStore|iPhoneSimulator
		{0E081AC0-969F-4724-A9FD-B76C2E8A55E8}.AppStore|iPhone.ActiveCfg = AppStore|iPhone
		{0E081AC0-969F-4724-A9FD-B76C2E8A55E8}.AppStore|iPhone.Build.0 = AppStore|iPhone
		{0E081AC0-969F-4724-A9FD-B76C2E8A55E8}.AppStore|iPhoneSimulator.ActiveCfg = AppStore|iPhoneSimulator
		{0E081AC0-969F-4724-A9FD-B76C2E8A55E8}.AppStore|iPhoneSimulator.Build.0 = AppStore|iPhoneSimulator
		{0E081AC0-969F-4724-A9FD-B76C2E8A55E8}.AppStore|x64.ActiveCfg = AppStore|iPhoneSimulator
		{0E081AC0-969F-4724-A9FD-B76C2E8A55E8}.AppStore|x86.ActiveCfg = AppStore|iPhoneSimulator
		{0E081AC0-969F-4724-A9FD-B76C2E8A55E8}.Debug|Any CPU.ActiveCfg = Debug|iPhone
		{0E081AC0-969F-4724-A9FD-B76C2E8A55E8}.Debug|ARM.ActiveCfg = Debug|iPhoneSimulator
		{0E081AC0-969F-4724-A9FD-B76C2E8A55E8}.Debug|iPhone.ActiveCfg = Debug|iPhone
		{0E081AC0-969F-4724-A9FD-B76C2E8A55E8}.Debug|iPhone.Build.0 = Debug|iPhone
		{0E081AC0-969F-4724-A9FD-B76C2E8A55E8}.Debug|iPhoneSimulator.ActiveCfg = Debug|iPhoneSimulator
		{0E081AC0-969F-4724-A9FD-B76C2E8A55E8}.Debug|iPhoneSimulator.Build.0 = Debug|iPhoneSimulator
		{0E081AC0-969F-4724-A9FD-B76C2E8A55E8}.Debug|x64.ActiveCfg = Debug|iPhoneSimulator
		{0E081AC0-969F-4724-A9FD-B76C2E8A55E8}.Debug|x86.ActiveCfg = Debug|iPhoneSimulator
		{0E081AC0-969F-4724-A9FD-B76C2E8A55E8}.Release|Any CPU.ActiveCfg = Release|iPhone
		{0E081AC0-969F-4724-A9FD-B76C2E8A55E8}.Release|ARM.ActiveCfg = Release|iPhoneSimulator
		{0E081AC0-969F-4724-A9FD-B76C2E8A55E8}.Release|iPhone.ActiveCfg = Release|iPhone
		{0E081AC0-969F-4724-A9FD-B76C2E8A55E8}.Release|iPhone.Build.0 = Release|iPhone
		{0E081AC0-969F-4724-A9FD-B76C2E8A55E8}.Release|iPhoneSimulator.ActiveCfg = Release|iPhoneSimulator
		{0E081AC0-969F-4724-A9FD-B76C2E8A55E8}.Release|iPhoneSimulator.Build.0 = Release|iPhoneSimulator
		{0E081AC0-969F-4724-A9FD-B76C2E8A55E8}.Release|x64.ActiveCfg = Release|iPhoneSimulator
		{0E081AC0-969F-4724-A9FD-B76C2E8A55E8}.Release|x86.ActiveCfg = Release|iPhoneSimulator
		{8DD49470-0958-42D9-841F-F15589DC9F99}.Ad-Hoc|Any CPU.ActiveCfg = Release|Any CPU
		{8DD49470-0958-42D9-841F-F15589DC9F99}.Ad-Hoc|Any CPU.Build.0 = Release|Any CPU
		{8DD49470-0958-42D9-841F-F15589DC9F99}.Ad-Hoc|ARM.ActiveCfg = Debug|Any CPU
		{8DD49470-0958-42D9-841F-F15589DC9F99}.Ad-Hoc|ARM.Build.0 = Debug|Any CPU
		{8DD49470-0958-42D9-841F-F15589DC9F99}.Ad-Hoc|iPhone.ActiveCfg = Release|Any CPU
		{8DD49470-0958-42D9-841F-F15589DC9F99}.Ad-Hoc|iPhone.Build.0 = Release|Any CPU
		{8DD49470-0958-42D9-841F-F15589DC9F99}.Ad-Hoc|iPhoneSimulator.ActiveCfg = Release|Any CPU
		{8DD49470-0958-42D9-841F-F15589DC9F99}.Ad-Hoc|iPhoneSimulator.Build.0 = Release|Any CPU
		{8DD49470-0958-42D9-841F-F15589DC9F99}.Ad-Hoc|x64.ActiveCfg = Debug|Any CPU
		{8DD49470-0958-42D9-841F-F15589DC9F99}.Ad-Hoc|x64.Build.0 = Debug|Any CPU
		{8DD49470-0958-42D9-841F-F15589DC9F99}.Ad-Hoc|x86.ActiveCfg = Debug|Any CPU
		{8DD49470-0958-42D9-841F-F15589DC9F99}.Ad-Hoc|x86.Build.0 = Debug|Any CPU
		{8DD49470-0958-42D9-841F-F15589DC9F99}.AppStore|Any CPU.ActiveCfg = Release|Any CPU
		{8DD49470-0958-42D9-841F-F15589DC9F99}.AppStore|Any CPU.Build.0 = Release|Any CPU
		{8DD49470-0958-42D9-841F-F15589DC9F99}.AppStore|ARM.ActiveCfg = Debug|Any CPU
		{8DD49470-0958-42D9-841F-F15589DC9F99}.AppStore|ARM.Build.0 = Debug|Any CPU
		{8DD49470-0958-42D9-841F-F15589DC9F99}.AppStore|iPhone.ActiveCfg = Release|Any CPU
		{8DD49470-0958-42D9-841F-F15589DC9F99}.AppStore|iPhone.Build.0 = Release|Any CPU
		{8DD49470-0958-42D9-841F-F15589DC9F99}.AppStore|iPhoneSimulator.ActiveCfg = Release|Any CPU
		{8DD49470-0958-42D9-841F-F15589DC9F99}.AppStore|iPhoneSimulator.Build.0 = Release|Any CPU
		{8DD49470-0958-42D9-841F-F15589DC9F99}.AppStore|x64.ActiveCfg = Debug|Any CPU
		{8DD49470-0958-42D9-841F-F15589DC9F99}.AppStore|x64.Build.0 = Debug|Any CPU
		{8DD49470-0958-42D9-841F-F15589DC9F99}.AppStore|x86.ActiveCfg = Debug|Any CPU
		{8DD49470-0958-42D9-841F-F15589DC9F99}.AppStore|x86.Build.0 = Debug|Any CPU
		{8DD49470-0958-42D9-841F-F15589DC9F99}.Debug|Any CPU.ActiveCfg = Debug|Any CPU
		{8DD49470-0958-42D9-841F-F15589DC9F99}.Debug|Any CPU.Build.0 = Debug|Any CPU
		{8DD49470-0958-42D9-841F-F15589DC9F99}.Debug|ARM.ActiveCfg = Debug|Any CPU
		{8DD49470-0958-42D9-841F-F15589DC9F99}.Debug|ARM.Build.0 = Debug|Any CPU
		{8DD49470-0958-42D9-841F-F15589DC9F99}.Debug|iPhone.ActiveCfg = Debug|Any CPU
		{8DD49470-0958-42D9-841F-F15589DC9F99}.Debug|iPhone.Build.0 = Debug|Any CPU
		{8DD49470-0958-42D9-841F-F15589DC9F99}.Debug|iPhoneSimulator.ActiveCfg = Debug|Any CPU
		{8DD49470-0958-42D9-841F-F15589DC9F99}.Debug|iPhoneSimulator.Build.0 = Debug|Any CPU
		{8DD49470-0958-42D9-841F-F15589DC9F99}.Debug|x64.ActiveCfg = Debug|Any CPU
		{8DD49470-0958-42D9-841F-F15589DC9F99}.Debug|x64.Build.0 = Debug|Any CPU
		{8DD49470-0958-42D9-841F-F15589DC9F99}.Debug|x86.ActiveCfg = Debug|Any CPU
		{8DD49470-0958-42D9-841F-F15589DC9F99}.Debug|x86.Build.0 = Debug|Any CPU
		{8DD49470-0958-42D9-841F-F15589DC9F99}.Release|Any CPU.ActiveCfg = Release|Any CPU
		{8DD49470-0958-42D9-841F-F15589DC9F99}.Release|Any CPU.Build.0 = Release|Any CPU
		{8DD49470-0958-42D9-841F-F15589DC9F99}.Release|ARM.ActiveCfg = Release|Any CPU
		{8DD49470-0958-42D9-841F-F15589DC9F99}.Release|ARM.Build.0 = Release|Any CPU
		{8DD49470-0958-42D9-841F-F15589DC9F99}.Release|iPhone.ActiveCfg = Release|Any CPU
		{8DD49470-0958-42D9-841F-F15589DC9F99}.Release|iPhone.Build.0 = Release|Any CPU
		{8DD49470-0958-42D9-841F-F15589DC9F99}.Release|iPhoneSimulator.ActiveCfg = Release|Any CPU
		{8DD49470-0958-42D9-841F-F15589DC9F99}.Release|iPhoneSimulator.Build.0 = Release|Any CPU
		{8DD49470-0958-42D9-841F-F15589DC9F99}.Release|x64.ActiveCfg = Release|Any CPU
		{8DD49470-0958-42D9-841F-F15589DC9F99}.Release|x64.Build.0 = Release|Any CPU
		{8DD49470-0958-42D9-841F-F15589DC9F99}.Release|x86.ActiveCfg = Release|Any CPU
		{8DD49470-0958-42D9-841F-F15589DC9F99}.Release|x86.Build.0 = Release|Any CPU
		{4386F5A7-4EE6-440D-AF67-68601FC6C599}.Ad-Hoc|Any CPU.ActiveCfg = Release|x86
		{4386F5A7-4EE6-440D-AF67-68601FC6C599}.Ad-Hoc|Any CPU.Build.0 = Release|x86
		{4386F5A7-4EE6-440D-AF67-68601FC6C599}.Ad-Hoc|Any CPU.Deploy.0 = Release|x86
		{4386F5A7-4EE6-440D-AF67-68601FC6C599}.Ad-Hoc|ARM.ActiveCfg = Release|ARM
		{4386F5A7-4EE6-440D-AF67-68601FC6C599}.Ad-Hoc|ARM.Build.0 = Release|ARM
		{4386F5A7-4EE6-440D-AF67-68601FC6C599}.Ad-Hoc|ARM.Deploy.0 = Release|ARM
		{4386F5A7-4EE6-440D-AF67-68601FC6C599}.Ad-Hoc|iPhone.ActiveCfg = Release|x86
		{4386F5A7-4EE6-440D-AF67-68601FC6C599}.Ad-Hoc|iPhone.Build.0 = Release|x86
		{4386F5A7-4EE6-440D-AF67-68601FC6C599}.Ad-Hoc|iPhone.Deploy.0 = Release|x86
		{4386F5A7-4EE6-440D-AF67-68601FC6C599}.Ad-Hoc|iPhoneSimulator.ActiveCfg = Release|x86
		{4386F5A7-4EE6-440D-AF67-68601FC6C599}.Ad-Hoc|iPhoneSimulator.Build.0 = Release|x86
		{4386F5A7-4EE6-440D-AF67-68601FC6C599}.Ad-Hoc|iPhoneSimulator.Deploy.0 = Release|x86
		{4386F5A7-4EE6-440D-AF67-68601FC6C599}.Ad-Hoc|x64.ActiveCfg = Release|x64
		{4386F5A7-4EE6-440D-AF67-68601FC6C599}.Ad-Hoc|x64.Build.0 = Release|x64
		{4386F5A7-4EE6-440D-AF67-68601FC6C599}.Ad-Hoc|x64.Deploy.0 = Release|x64
		{4386F5A7-4EE6-440D-AF67-68601FC6C599}.Ad-Hoc|x86.ActiveCfg = Release|x86
		{4386F5A7-4EE6-440D-AF67-68601FC6C599}.Ad-Hoc|x86.Build.0 = Release|x86
		{4386F5A7-4EE6-440D-AF67-68601FC6C599}.Ad-Hoc|x86.Deploy.0 = Release|x86
		{4386F5A7-4EE6-440D-AF67-68601FC6C599}.AppStore|Any CPU.ActiveCfg = Release|x86
		{4386F5A7-4EE6-440D-AF67-68601FC6C599}.AppStore|Any CPU.Build.0 = Release|x86
		{4386F5A7-4EE6-440D-AF67-68601FC6C599}.AppStore|Any CPU.Deploy.0 = Release|x86
		{4386F5A7-4EE6-440D-AF67-68601FC6C599}.AppStore|ARM.ActiveCfg = Release|ARM
		{4386F5A7-4EE6-440D-AF67-68601FC6C599}.AppStore|ARM.Build.0 = Release|ARM
		{4386F5A7-4EE6-440D-AF67-68601FC6C599}.AppStore|ARM.Deploy.0 = Release|ARM
		{4386F5A7-4EE6-440D-AF67-68601FC6C599}.AppStore|iPhone.ActiveCfg = Release|x86
		{4386F5A7-4EE6-440D-AF67-68601FC6C599}.AppStore|iPhone.Build.0 = Release|x86
		{4386F5A7-4EE6-440D-AF67-68601FC6C599}.AppStore|iPhone.Deploy.0 = Release|x86
		{4386F5A7-4EE6-440D-AF67-68601FC6C599}.AppStore|iPhoneSimulator.ActiveCfg = Release|x86
		{4386F5A7-4EE6-440D-AF67-68601FC6C599}.AppStore|iPhoneSimulator.Build.0 = Release|x86
		{4386F5A7-4EE6-440D-AF67-68601FC6C599}.AppStore|iPhoneSimulator.Deploy.0 = Release|x86
		{4386F5A7-4EE6-440D-AF67-68601FC6C599}.AppStore|x64.ActiveCfg = Release|x64
		{4386F5A7-4EE6-440D-AF67-68601FC6C599}.AppStore|x64.Build.0 = Release|x64
		{4386F5A7-4EE6-440D-AF67-68601FC6C599}.AppStore|x64.Deploy.0 = Release|x64
		{4386F5A7-4EE6-440D-AF67-68601FC6C599}.AppStore|x86.ActiveCfg = Release|x86
		{4386F5A7-4EE6-440D-AF67-68601FC6C599}.AppStore|x86.Build.0 = Release|x86
		{4386F5A7-4EE6-440D-AF67-68601FC6C599}.AppStore|x86.Deploy.0 = Release|x86
		{4386F5A7-4EE6-440D-AF67-68601FC6C599}.Debug|Any CPU.ActiveCfg = Debug|x86
		{4386F5A7-4EE6-440D-AF67-68601FC6C599}.Debug|ARM.ActiveCfg = Debug|ARM
		{4386F5A7-4EE6-440D-AF67-68601FC6C599}.Debug|ARM.Build.0 = Debug|ARM
		{4386F5A7-4EE6-440D-AF67-68601FC6C599}.Debug|ARM.Deploy.0 = Debug|ARM
		{4386F5A7-4EE6-440D-AF67-68601FC6C599}.Debug|iPhone.ActiveCfg = Debug|x86
		{4386F5A7-4EE6-440D-AF67-68601FC6C599}.Debug|iPhoneSimulator.ActiveCfg = Debug|x86
		{4386F5A7-4EE6-440D-AF67-68601FC6C599}.Debug|x64.ActiveCfg = Debug|x64
		{4386F5A7-4EE6-440D-AF67-68601FC6C599}.Debug|x64.Build.0 = Debug|x64
		{4386F5A7-4EE6-440D-AF67-68601FC6C599}.Debug|x64.Deploy.0 = Debug|x64
		{4386F5A7-4EE6-440D-AF67-68601FC6C599}.Debug|x86.ActiveCfg = Debug|x86
		{4386F5A7-4EE6-440D-AF67-68601FC6C599}.Debug|x86.Build.0 = Debug|x86
		{4386F5A7-4EE6-440D-AF67-68601FC6C599}.Debug|x86.Deploy.0 = Debug|x86
		{4386F5A7-4EE6-440D-AF67-68601FC6C599}.Release|Any CPU.ActiveCfg = Release|x86
		{4386F5A7-4EE6-440D-AF67-68601FC6C599}.Release|ARM.ActiveCfg = Release|ARM
		{4386F5A7-4EE6-440D-AF67-68601FC6C599}.Release|ARM.Build.0 = Release|ARM
		{4386F5A7-4EE6-440D-AF67-68601FC6C599}.Release|ARM.Deploy.0 = Release|ARM
		{4386F5A7-4EE6-440D-AF67-68601FC6C599}.Release|iPhone.ActiveCfg = Release|x86
		{4386F5A7-4EE6-440D-AF67-68601FC6C599}.Release|iPhoneSimulator.ActiveCfg = Release|x86
		{4386F5A7-4EE6-440D-AF67-68601FC6C599}.Release|x64.ActiveCfg = Release|x64
		{4386F5A7-4EE6-440D-AF67-68601FC6C599}.Release|x64.Build.0 = Release|x64
		{4386F5A7-4EE6-440D-AF67-68601FC6C599}.Release|x64.Deploy.0 = Release|x64
		{4386F5A7-4EE6-440D-AF67-68601FC6C599}.Release|x86.ActiveCfg = Release|x86
		{4386F5A7-4EE6-440D-AF67-68601FC6C599}.Release|x86.Build.0 = Release|x86
		{4386F5A7-4EE6-440D-AF67-68601FC6C599}.Release|x86.Deploy.0 = Release|x86
	EndGlobalSection
	GlobalSection(SolutionProperties) = preSolution
		HideSolutionNode = FALSE
	EndGlobalSection
	GlobalSection(ExtensibilityGlobals) = postSolution
		SolutionGuid = {170EF17B-D090-4740-B6FE-32BCDAC69865}
	EndGlobalSection
EndGlobal
